
Microsoft Visual Studio Solution File, Format Version 12.00
# Visual Studio 15
VisualStudioVersion = 15.0.26430.16
MinimumVisualStudioVersion = 10.0.40219.1
Project("{FAE04EC0-301F-11D3-BF4B-00C04F79EFBC}") = "Model", "Model\Model.csproj", "{C9740E4F-63A1-4458-8902-A1117E87AE4B}"
EndProject
Project("{FAE04EC0-301F-11D3-BF4B-00C04F79EFBC}") = "ViewModel", "ViewModel\ViewModel.csproj", "{814DC7E6-3C6C-44A8-A57B-7E43C19C4A4A}"
EndProject
Project("{FAE04EC0-301F-11D3-BF4B-00C04F79EFBC}") = "Facade", "Facade\Facade.csproj", "{4A90DD13-26B3-4A89-9DF0-0E5723EF392F}"
EndProject
Project("{FAE04EC0-301F-11D3-BF4B-00C04F79EFBC}") = "ViewBase", "VMBase\ViewBase.csproj", "{D4CD334D-2B50-4C66-BB5F-7F03FB87ACC5}"
EndProject
Project("{FAE04EC0-301F-11D3-BF4B-00C04F79EFBC}") = "ViewModelBase", "ViewModelBasel\ViewModelBase.csproj", "{ED898011-A331-41BD-94E3-6EF4F9EF654F}"
EndProject
Project("{FAE04EC0-301F-11D3-BF4B-00C04F79EFBC}") = "View", "View\View.csproj", "{6D82B112-AB08-4948-A4F9-F7C6D346CC7B}"
EndProject
Project("{FAE04EC0-301F-11D3-BF4B-00C04F79EFBC}") = "Common", "ServiceBase\Common.csproj", "{7BCFFEFB-5D13-4325-9638-F98F8D2510B8}"
EndProject
Project("{FAE04EC0-301F-11D3-BF4B-00C04F79EFBC}") = "NetworkService", "NetworkService\NetworkService.csproj", "{3FF07A1E-6FFD-4658-B7E2-153097261089}"
EndProject
Project("{FAE04EC0-301F-11D3-BF4B-00C04F79EFBC}") = "WebServer", "WebServer\WebServer.csproj", "{43848AA0-DB79-4ECB-81D2-468ADA3C42B1}"
EndProject
Project("{FAE04EC0-301F-11D3-BF4B-00C04F79EFBC}") = "MobileClient.Droid", "MobileClient\MobileClient.Droid\MobileClient.Droid.csproj", "{9750A98A-94B9-4001-8BB2-468A3788C448}"
EndProject
Project("{FAE04EC0-301F-11D3-BF4B-00C04F79EFBC}") = "MobileClient.iOS", "MobileClient\MobileClient.iOS\MobileClient.iOS.csproj", "{51296AC7-6C7F-4714-ADC0-221EA28438A3}"
EndProject
Project("{FAE04EC0-301F-11D3-BF4B-00C04F79EFBC}") = "MobileClient.WinPhone", "MobileClient\MobileClient.WinPhone\MobileClient.WinPhone.csproj", "{F0E7B6E8-7829-4BC0-8C4B-E73F2C0304ED}"
EndProject
Project("{FAE04EC0-301F-11D3-BF4B-00C04F79EFBC}") = "MobileClient.Windows", "MobileClient\MobileClient.Windows\MobileClient.Windows.csproj", "{8CE1B46C-F042-4B20-A630-0F1F1D526586}"
EndProject
Project("{FAE04EC0-301F-11D3-BF4B-00C04F79EFBC}") = "MobileClient", "MobileClient\MobileClient\MobileClient.csproj", "{B6D2CF7D-82E3-45F9-8387-A4FA29DD0079}"
EndProject
Project("{FAE04EC0-301F-11D3-BF4B-00C04F79EFBC}") = "ClietViewModel", "ClietViewModel\ClietViewModel.csproj", "{67F9D3A8-F71E-4428-913F-C37AE82CDB24}"
EndProject
Project("{FAE04EC0-301F-11D3-BF4B-00C04F79EFBC}") = "ClientModel", "ClientModel\ClientModel.csproj", "{A56C89FB-3141-414A-B17E-0F4ACFB6611A}"
EndProject
Project("{FAE04EC0-301F-11D3-BF4B-00C04F79EFBC}") = "client", "client\client.csproj", "{C3B42F45-B144-4644-BB42-65419A60CD29}"
EndProject
Project("{8BB2217D-0F2D-49D1-97BC-3654ED321F3B}") = "NModbus4", "NModbus4\NModbus4.xproj", "{9B07ED72-3AD9-45EC-AAE9-295849B309AA}"
EndProject
Project("{8BB2217D-0F2D-49D1-97BC-3654ED321F3B}") = "NModbus4.Serial", "NModbus4.Serial\NModbus4.Serial.xproj", "{2246217D-D3C2-41CB-B866-D093DF087846}"
EndProject
Global
	GlobalSection(SolutionConfigurationPlatforms) = preSolution
		Ad-Hoc|Any CPU = Ad-Hoc|Any CPU
		Ad-Hoc|ARM = Ad-Hoc|ARM
		Ad-Hoc|iPhone = Ad-Hoc|iPhone
		Ad-Hoc|iPhoneSimulator = Ad-Hoc|iPhoneSimulator
		Ad-Hoc|x64 = Ad-Hoc|x64
		Ad-Hoc|x86 = Ad-Hoc|x86
		AppStore|Any CPU = AppStore|Any CPU
		AppStore|ARM = AppStore|ARM
		AppStore|iPhone = AppStore|iPhone
		AppStore|iPhoneSimulator = AppStore|iPhoneSimulator
		AppStore|x64 = AppStore|x64
		AppStore|x86 = AppStore|x86
		Debug|Any CPU = Debug|Any CPU
		Debug|ARM = Debug|ARM
		Debug|iPhone = Debug|iPhone
		Debug|iPhoneSimulator = Debug|iPhoneSimulator
		Debug|x64 = Debug|x64
		Debug|x86 = Debug|x86
		Release|Any CPU = Release|Any CPU
		Release|ARM = Release|ARM
		Release|iPhone = Release|iPhone
		Release|iPhoneSimulator = Release|iPhoneSimulator
		Release|x64 = Release|x64
		Release|x86 = Release|x86
	EndGlobalSection
	GlobalSection(ProjectConfigurationPlatforms) = postSolution
		{C9740E4F-63A1-4458-8902-A1117E87AE4B}.Ad-Hoc|Any CPU.ActiveCfg = Release|Any CPU
		{C9740E4F-63A1-4458-8902-A1117E87AE4B}.Ad-Hoc|Any CPU.Build.0 = Release|Any CPU
		{C9740E4F-63A1-4458-8902-A1117E87AE4B}.Ad-Hoc|ARM.ActiveCfg = Release|Any CPU
		{C9740E4F-63A1-4458-8902-A1117E87AE4B}.Ad-Hoc|ARM.Build.0 = Release|Any CPU
		{C9740E4F-63A1-4458-8902-A1117E87AE4B}.Ad-Hoc|iPhone.ActiveCfg = Release|Any CPU
		{C9740E4F-63A1-4458-8902-A1117E87AE4B}.Ad-Hoc|iPhone.Build.0 = Release|Any CPU
		{C9740E4F-63A1-4458-8902-A1117E87AE4B}.Ad-Hoc|iPhoneSimulator.ActiveCfg = Release|Any CPU
		{C9740E4F-63A1-4458-8902-A1117E87AE4B}.Ad-Hoc|iPhoneSimulator.Build.0 = Release|Any CPU
		{C9740E4F-63A1-4458-8902-A1117E87AE4B}.Ad-Hoc|x64.ActiveCfg = Release|Any CPU
		{C9740E4F-63A1-4458-8902-A1117E87AE4B}.Ad-Hoc|x64.Build.0 = Release|Any CPU
		{C9740E4F-63A1-4458-8902-A1117E87AE4B}.Ad-Hoc|x86.ActiveCfg = Release|Any CPU
		{C9740E4F-63A1-4458-8902-A1117E87AE4B}.Ad-Hoc|x86.Build.0 = Release|Any CPU
		{C9740E4F-63A1-4458-8902-A1117E87AE4B}.AppStore|Any CPU.ActiveCfg = Release|Any CPU
		{C9740E4F-63A1-4458-8902-A1117E87AE4B}.AppStore|Any CPU.Build.0 = Release|Any CPU
		{C9740E4F-63A1-4458-8902-A1117E87AE4B}.AppStore|ARM.ActiveCfg = Release|Any CPU
		{C9740E4F-63A1-4458-8902-A1117E87AE4B}.AppStore|ARM.Build.0 = Release|Any CPU
		{C9740E4F-63A1-4458-8902-A1117E87AE4B}.AppStore|iPhone.ActiveCfg = Release|Any CPU
		{C9740E4F-63A1-4458-8902-A1117E87AE4B}.AppStore|iPhone.Build.0 = Release|Any CPU
		{C9740E4F-63A1-4458-8902-A1117E87AE4B}.AppStore|iPhoneSimulator.ActiveCfg = Release|Any CPU
		{C9740E4F-63A1-4458-8902-A1117E87AE4B}.AppStore|iPhoneSimulator.Build.0 = Release|Any CPU
		{C9740E4F-63A1-4458-8902-A1117E87AE4B}.AppStore|x64.ActiveCfg = Release|Any CPU
		{C9740E4F-63A1-4458-8902-A1117E87AE4B}.AppStore|x64.Build.0 = Release|Any CPU
		{C9740E4F-63A1-4458-8902-A1117E87AE4B}.AppStore|x86.ActiveCfg = Release|Any CPU
		{C9740E4F-63A1-4458-8902-A1117E87AE4B}.AppStore|x86.Build.0 = Release|Any CPU
		{C9740E4F-63A1-4458-8902-A1117E87AE4B}.Debug|Any CPU.ActiveCfg = Debug|Any CPU
		{C9740E4F-63A1-4458-8902-A1117E87AE4B}.Debug|Any CPU.Build.0 = Debug|Any CPU
		{C9740E4F-63A1-4458-8902-A1117E87AE4B}.Debug|ARM.ActiveCfg = Debug|Any CPU
		{C9740E4F-63A1-4458-8902-A1117E87AE4B}.Debug|ARM.Build.0 = Debug|Any CPU
		{C9740E4F-63A1-4458-8902-A1117E87AE4B}.Debug|iPhone.ActiveCfg = Debug|Any CPU
		{C9740E4F-63A1-4458-8902-A1117E87AE4B}.Debug|iPhone.Build.0 = Debug|Any CPU
		{C9740E4F-63A1-4458-8902-A1117E87AE4B}.Debug|iPhoneSimulator.ActiveCfg = Debug|Any CPU
		{C9740E4F-63A1-4458-8902-A1117E87AE4B}.Debug|iPhoneSimulator.Build.0 = Debug|Any CPU
		{C9740E4F-63A1-4458-8902-A1117E87AE4B}.Debug|x64.ActiveCfg = Debug|Any CPU
		{C9740E4F-63A1-4458-8902-A1117E87AE4B}.Debug|x64.Build.0 = Debug|Any CPU
		{C9740E4F-63A1-4458-8902-A1117E87AE4B}.Debug|x86.ActiveCfg = Debug|Any CPU
		{C9740E4F-63A1-4458-8902-A1117E87AE4B}.Debug|x86.Build.0 = Debug|Any CPU
		{C9740E4F-63A1-4458-8902-A1117E87AE4B}.Release|Any CPU.ActiveCfg = Release|Any CPU
		{C9740E4F-63A1-4458-8902-A1117E87AE4B}.Release|Any CPU.Build.0 = Release|Any CPU
		{C9740E4F-63A1-4458-8902-A1117E87AE4B}.Release|ARM.ActiveCfg = Release|Any CPU
		{C9740E4F-63A1-4458-8902-A1117E87AE4B}.Release|ARM.Build.0 = Release|Any CPU
		{C9740E4F-63A1-4458-8902-A1117E87AE4B}.Release|iPhone.ActiveCfg = Release|Any CPU
		{C9740E4F-63A1-4458-8902-A1117E87AE4B}.Release|iPhone.Build.0 = Release|Any CPU
		{C9740E4F-63A1-4458-8902-A1117E87AE4B}.Release|iPhoneSimulator.ActiveCfg = Release|Any CPU
		{C9740E4F-63A1-4458-8902-A1117E87AE4B}.Release|iPhoneSimulator.Build.0 = Release|Any CPU
		{C9740E4F-63A1-4458-8902-A1117E87AE4B}.Release|x64.ActiveCfg = Release|Any CPU
		{C9740E4F-63A1-4458-8902-A1117E87AE4B}.Release|x64.Build.0 = Release|Any CPU
		{C9740E4F-63A1-4458-8902-A1117E87AE4B}.Release|x86.ActiveCfg = Release|Any CPU
		{C9740E4F-63A1-4458-8902-A1117E87AE4B}.Release|x86.Build.0 = Release|Any CPU
		{814DC7E6-3C6C-44A8-A57B-7E43C19C4A4A}.Ad-Hoc|Any CPU.ActiveCfg = Release|Any CPU
		{814DC7E6-3C6C-44A8-A57B-7E43C19C4A4A}.Ad-Hoc|Any CPU.Build.0 = Release|Any CPU
		{814DC7E6-3C6C-44A8-A57B-7E43C19C4A4A}.Ad-Hoc|ARM.ActiveCfg = Release|Any CPU
		{814DC7E6-3C6C-44A8-A57B-7E43C19C4A4A}.Ad-Hoc|ARM.Build.0 = Release|Any CPU
		{814DC7E6-3C6C-44A8-A57B-7E43C19C4A4A}.Ad-Hoc|iPhone.ActiveCfg = Release|Any CPU
		{814DC7E6-3C6C-44A8-A57B-7E43C19C4A4A}.Ad-Hoc|iPhone.Build.0 = Release|Any CPU
		{814DC7E6-3C6C-44A8-A57B-7E43C19C4A4A}.Ad-Hoc|iPhoneSimulator.ActiveCfg = Release|Any CPU
		{814DC7E6-3C6C-44A8-A57B-7E43C19C4A4A}.Ad-Hoc|iPhoneSimulator.Build.0 = Release|Any CPU
		{814DC7E6-3C6C-44A8-A57B-7E43C19C4A4A}.Ad-Hoc|x64.ActiveCfg = Release|Any CPU
		{814DC7E6-3C6C-44A8-A57B-7E43C19C4A4A}.Ad-Hoc|x64.Build.0 = Release|Any CPU
		{814DC7E6-3C6C-44A8-A57B-7E43C19C4A4A}.Ad-Hoc|x86.ActiveCfg = Release|Any CPU
		{814DC7E6-3C6C-44A8-A57B-7E43C19C4A4A}.Ad-Hoc|x86.Build.0 = Release|Any CPU
		{814DC7E6-3C6C-44A8-A57B-7E43C19C4A4A}.AppStore|Any CPU.ActiveCfg = Release|Any CPU
		{814DC7E6-3C6C-44A8-A57B-7E43C19C4A4A}.AppStore|Any CPU.Build.0 = Release|Any CPU
		{814DC7E6-3C6C-44A8-A57B-7E43C19C4A4A}.AppStore|ARM.ActiveCfg = Release|Any CPU
		{814DC7E6-3C6C-44A8-A57B-7E43C19C4A4A}.AppStore|ARM.Build.0 = Release|Any CPU
		{814DC7E6-3C6C-44A8-A57B-7E43C19C4A4A}.AppStore|iPhone.ActiveCfg = Release|Any CPU
		{814DC7E6-3C6C-44A8-A57B-7E43C19C4A4A}.AppStore|iPhone.Build.0 = Release|Any CPU
		{814DC7E6-3C6C-44A8-A57B-7E43C19C4A4A}.AppStore|iPhoneSimulator.ActiveCfg = Release|Any CPU
		{814DC7E6-3C6C-44A8-A57B-7E43C19C4A4A}.AppStore|iPhoneSimulator.Build.0 = Release|Any CPU
		{814DC7E6-3C6C-44A8-A57B-7E43C19C4A4A}.AppStore|x64.ActiveCfg = Release|Any CPU
		{814DC7E6-3C6C-44A8-A57B-7E43C19C4A4A}.AppStore|x64.Build.0 = Release|Any CPU
		{814DC7E6-3C6C-44A8-A57B-7E43C19C4A4A}.AppStore|x86.ActiveCfg = Release|Any CPU
		{814DC7E6-3C6C-44A8-A57B-7E43C19C4A4A}.AppStore|x86.Build.0 = Release|Any CPU
		{814DC7E6-3C6C-44A8-A57B-7E43C19C4A4A}.Debug|Any CPU.ActiveCfg = Debug|Any CPU
		{814DC7E6-3C6C-44A8-A57B-7E43C19C4A4A}.Debug|Any CPU.Build.0 = Debug|Any CPU
		{814DC7E6-3C6C-44A8-A57B-7E43C19C4A4A}.Debug|ARM.ActiveCfg = Debug|Any CPU
		{814DC7E6-3C6C-44A8-A57B-7E43C19C4A4A}.Debug|ARM.Build.0 = Debug|Any CPU
		{814DC7E6-3C6C-44A8-A57B-7E43C19C4A4A}.Debug|iPhone.ActiveCfg = Debug|Any CPU
		{814DC7E6-3C6C-44A8-A57B-7E43C19C4A4A}.Debug|iPhone.Build.0 = Debug|Any CPU
		{814DC7E6-3C6C-44A8-A57B-7E43C19C4A4A}.Debug|iPhoneSimulator.ActiveCfg = Debug|Any CPU
		{814DC7E6-3C6C-44A8-A57B-7E43C19C4A4A}.Debug|iPhoneSimulator.Build.0 = Debug|Any CPU
		{814DC7E6-3C6C-44A8-A57B-7E43C19C4A4A}.Debug|x64.ActiveCfg = Debug|Any CPU
		{814DC7E6-3C6C-44A8-A57B-7E43C19C4A4A}.Debug|x64.Build.0 = Debug|Any CPU
		{814DC7E6-3C6C-44A8-A57B-7E43C19C4A4A}.Debug|x86.ActiveCfg = Debug|Any CPU
		{814DC7E6-3C6C-44A8-A57B-7E43C19C4A4A}.Debug|x86.Build.0 = Debug|Any CPU
		{814DC7E6-3C6C-44A8-A57B-7E43C19C4A4A}.Release|Any CPU.ActiveCfg = Release|Any CPU
		{814DC7E6-3C6C-44A8-A57B-7E43C19C4A4A}.Release|Any CPU.Build.0 = Release|Any CPU
		{814DC7E6-3C6C-44A8-A57B-7E43C19C4A4A}.Release|ARM.ActiveCfg = Release|Any CPU
		{814DC7E6-3C6C-44A8-A57B-7E43C19C4A4A}.Release|ARM.Build.0 = Release|Any CPU
		{814DC7E6-3C6C-44A8-A57B-7E43C19C4A4A}.Release|iPhone.ActiveCfg = Release|Any CPU
		{814DC7E6-3C6C-44A8-A57B-7E43C19C4A4A}.Release|iPhone.Build.0 = Release|Any CPU
		{814DC7E6-3C6C-44A8-A57B-7E43C19C4A4A}.Release|iPhoneSimulator.ActiveCfg = Release|Any CPU
		{814DC7E6-3C6C-44A8-A57B-7E43C19C4A4A}.Release|iPhoneSimulator.Build.0 = Release|Any CPU
		{814DC7E6-3C6C-44A8-A57B-7E43C19C4A4A}.Release|x64.ActiveCfg = Release|Any CPU
		{814DC7E6-3C6C-44A8-A57B-7E43C19C4A4A}.Release|x64.Build.0 = Release|Any CPU
		{814DC7E6-3C6C-44A8-A57B-7E43C19C4A4A}.Release|x86.ActiveCfg = Release|Any CPU
		{814DC7E6-3C6C-44A8-A57B-7E43C19C4A4A}.Release|x86.Build.0 = Release|Any CPU
		{4A90DD13-26B3-4A89-9DF0-0E5723EF392F}.Ad-Hoc|Any CPU.ActiveCfg = Release|Any CPU
		{4A90DD13-26B3-4A89-9DF0-0E5723EF392F}.Ad-Hoc|Any CPU.Build.0 = Release|Any CPU
		{4A90DD13-26B3-4A89-9DF0-0E5723EF392F}.Ad-Hoc|ARM.ActiveCfg = Release|Any CPU
		{4A90DD13-26B3-4A89-9DF0-0E5723EF392F}.Ad-Hoc|ARM.Build.0 = Release|Any CPU
		{4A90DD13-26B3-4A89-9DF0-0E5723EF392F}.Ad-Hoc|iPhone.ActiveCfg = Release|Any CPU
		{4A90DD13-26B3-4A89-9DF0-0E5723EF392F}.Ad-Hoc|iPhone.Build.0 = Release|Any CPU
		{4A90DD13-26B3-4A89-9DF0-0E5723EF392F}.Ad-Hoc|iPhoneSimulator.ActiveCfg = Release|Any CPU
		{4A90DD13-26B3-4A89-9DF0-0E5723EF392F}.Ad-Hoc|iPhoneSimulator.Build.0 = Release|Any CPU
		{4A90DD13-26B3-4A89-9DF0-0E5723EF392F}.Ad-Hoc|x64.ActiveCfg = Release|Any CPU
		{4A90DD13-26B3-4A89-9DF0-0E5723EF392F}.Ad-Hoc|x64.Build.0 = Release|Any CPU
		{4A90DD13-26B3-4A89-9DF0-0E5723EF392F}.Ad-Hoc|x86.ActiveCfg = Release|Any CPU
		{4A90DD13-26B3-4A89-9DF0-0E5723EF392F}.Ad-Hoc|x86.Build.0 = Release|Any CPU
		{4A90DD13-26B3-4A89-9DF0-0E5723EF392F}.AppStore|Any CPU.ActiveCfg = Release|Any CPU
		{4A90DD13-26B3-4A89-9DF0-0E5723EF392F}.AppStore|Any CPU.Build.0 = Release|Any CPU
		{4A90DD13-26B3-4A89-9DF0-0E5723EF392F}.AppStore|ARM.ActiveCfg = Release|Any CPU
		{4A90DD13-26B3-4A89-9DF0-0E5723EF392F}.AppStore|ARM.Build.0 = Release|Any CPU
		{4A90DD13-26B3-4A89-9DF0-0E5723EF392F}.AppStore|iPhone.ActiveCfg = Release|Any CPU
		{4A90DD13-26B3-4A89-9DF0-0E5723EF392F}.AppStore|iPhone.Build.0 = Release|Any CPU
		{4A90DD13-26B3-4A89-9DF0-0E5723EF392F}.AppStore|iPhoneSimulator.ActiveCfg = Release|Any CPU
		{4A90DD13-26B3-4A89-9DF0-0E5723EF392F}.AppStore|iPhoneSimulator.Build.0 = Release|Any CPU
		{4A90DD13-26B3-4A89-9DF0-0E5723EF392F}.AppStore|x64.ActiveCfg = Release|Any CPU
		{4A90DD13-26B3-4A89-9DF0-0E5723EF392F}.AppStore|x64.Build.0 = Release|Any CPU
		{4A90DD13-26B3-4A89-9DF0-0E5723EF392F}.AppStore|x86.ActiveCfg = Release|Any CPU
		{4A90DD13-26B3-4A89-9DF0-0E5723EF392F}.AppStore|x86.Build.0 = Release|Any CPU
		{4A90DD13-26B3-4A89-9DF0-0E5723EF392F}.Debug|Any CPU.ActiveCfg = Debug|Any CPU
		{4A90DD13-26B3-4A89-9DF0-0E5723EF392F}.Debug|Any CPU.Build.0 = Debug|Any CPU
		{4A90DD13-26B3-4A89-9DF0-0E5723EF392F}.Debug|ARM.ActiveCfg = Debug|Any CPU
		{4A90DD13-26B3-4A89-9DF0-0E5723EF392F}.Debug|ARM.Build.0 = Debug|Any CPU
		{4A90DD13-26B3-4A89-9DF0-0E5723EF392F}.Debug|iPhone.ActiveCfg = Debug|Any CPU
		{4A90DD13-26B3-4A89-9DF0-0E5723EF392F}.Debug|iPhone.Build.0 = Debug|Any CPU
		{4A90DD13-26B3-4A89-9DF0-0E5723EF392F}.Debug|iPhoneSimulator.ActiveCfg = Debug|Any CPU
		{4A90DD13-26B3-4A89-9DF0-0E5723EF392F}.Debug|iPhoneSimulator.Build.0 = Debug|Any CPU
		{4A90DD13-26B3-4A89-9DF0-0E5723EF392F}.Debug|x64.ActiveCfg = Debug|Any CPU
		{4A90DD13-26B3-4A89-9DF0-0E5723EF392F}.Debug|x64.Build.0 = Debug|Any CPU
		{4A90DD13-26B3-4A89-9DF0-0E5723EF392F}.Debug|x86.ActiveCfg = Debug|Any CPU
		{4A90DD13-26B3-4A89-9DF0-0E5723EF392F}.Debug|x86.Build.0 = Debug|Any CPU
		{4A90DD13-26B3-4A89-9DF0-0E5723EF392F}.Release|Any CPU.ActiveCfg = Release|Any CPU
		{4A90DD13-26B3-4A89-9DF0-0E5723EF392F}.Release|Any CPU.Build.0 = Release|Any CPU
		{4A90DD13-26B3-4A89-9DF0-0E5723EF392F}.Release|ARM.ActiveCfg = Release|Any CPU
		{4A90DD13-26B3-4A89-9DF0-0E5723EF392F}.Release|ARM.Build.0 = Release|Any CPU
		{4A90DD13-26B3-4A89-9DF0-0E5723EF392F}.Release|iPhone.ActiveCfg = Release|Any CPU
		{4A90DD13-26B3-4A89-9DF0-0E5723EF392F}.Release|iPhone.Build.0 = Release|Any CPU
		{4A90DD13-26B3-4A89-9DF0-0E5723EF392F}.Release|iPhoneSimulator.ActiveCfg = Release|Any CPU
		{4A90DD13-26B3-4A89-9DF0-0E5723EF392F}.Release|iPhoneSimulator.Build.0 = Release|Any CPU
		{4A90DD13-26B3-4A89-9DF0-0E5723EF392F}.Release|x64.ActiveCfg = Release|Any CPU
		{4A90DD13-26B3-4A89-9DF0-0E5723EF392F}.Release|x64.Build.0 = Release|Any CPU
		{4A90DD13-26B3-4A89-9DF0-0E5723EF392F}.Release|x86.ActiveCfg = Release|Any CPU
		{4A90DD13-26B3-4A89-9DF0-0E5723EF392F}.Release|x86.Build.0 = Release|Any CPU
		{D4CD334D-2B50-4C66-BB5F-7F03FB87ACC5}.Ad-Hoc|Any CPU.ActiveCfg = Release|Any CPU
		{D4CD334D-2B50-4C66-BB5F-7F03FB87ACC5}.Ad-Hoc|Any CPU.Build.0 = Release|Any CPU
		{D4CD334D-2B50-4C66-BB5F-7F03FB87ACC5}.Ad-Hoc|ARM.ActiveCfg = Release|Any CPU
		{D4CD334D-2B50-4C66-BB5F-7F03FB87ACC5}.Ad-Hoc|ARM.Build.0 = Release|Any CPU
		{D4CD334D-2B50-4C66-BB5F-7F03FB87ACC5}.Ad-Hoc|iPhone.ActiveCfg = Release|Any CPU
		{D4CD334D-2B50-4C66-BB5F-7F03FB87ACC5}.Ad-Hoc|iPhone.Build.0 = Release|Any CPU
		{D4CD334D-2B50-4C66-BB5F-7F03FB87ACC5}.Ad-Hoc|iPhoneSimulator.ActiveCfg = Release|Any CPU
		{D4CD334D-2B50-4C66-BB5F-7F03FB87ACC5}.Ad-Hoc|iPhoneSimulator.Build.0 = Release|Any CPU
		{D4CD334D-2B50-4C66-BB5F-7F03FB87ACC5}.Ad-Hoc|x64.ActiveCfg = Release|Any CPU
		{D4CD334D-2B50-4C66-BB5F-7F03FB87ACC5}.Ad-Hoc|x64.Build.0 = Release|Any CPU
		{D4CD334D-2B50-4C66-BB5F-7F03FB87ACC5}.Ad-Hoc|x86.ActiveCfg = Release|Any CPU
		{D4CD334D-2B50-4C66-BB5F-7F03FB87ACC5}.Ad-Hoc|x86.Build.0 = Release|Any CPU
		{D4CD334D-2B50-4C66-BB5F-7F03FB87ACC5}.AppStore|Any CPU.ActiveCfg = Release|Any CPU
		{D4CD334D-2B50-4C66-BB5F-7F03FB87ACC5}.AppStore|Any CPU.Build.0 = Release|Any CPU
		{D4CD334D-2B50-4C66-BB5F-7F03FB87ACC5}.AppStore|ARM.ActiveCfg = Release|Any CPU
		{D4CD334D-2B50-4C66-BB5F-7F03FB87ACC5}.AppStore|ARM.Build.0 = Release|Any CPU
		{D4CD334D-2B50-4C66-BB5F-7F03FB87ACC5}.AppStore|iPhone.ActiveCfg = Release|Any CPU
		{D4CD334D-2B50-4C66-BB5F-7F03FB87ACC5}.AppStore|iPhone.Build.0 = Release|Any CPU
		{D4CD334D-2B50-4C66-BB5F-7F03FB87ACC5}.AppStore|iPhoneSimulator.ActiveCfg = Release|Any CPU
		{D4CD334D-2B50-4C66-BB5F-7F03FB87ACC5}.AppStore|iPhoneSimulator.Build.0 = Release|Any CPU
		{D4CD334D-2B50-4C66-BB5F-7F03FB87ACC5}.AppStore|x64.ActiveCfg = Release|Any CPU
		{D4CD334D-2B50-4C66-BB5F-7F03FB87ACC5}.AppStore|x64.Build.0 = Release|Any CPU
		{D4CD334D-2B50-4C66-BB5F-7F03FB87ACC5}.AppStore|x86.ActiveCfg = Release|Any CPU
		{D4CD334D-2B50-4C66-BB5F-7F03FB87ACC5}.AppStore|x86.Build.0 = Release|Any CPU
		{D4CD334D-2B50-4C66-BB5F-7F03FB87ACC5}.Debug|Any CPU.ActiveCfg = Debug|Any CPU
		{D4CD334D-2B50-4C66-BB5F-7F03FB87ACC5}.Debug|Any CPU.Build.0 = Debug|Any CPU
		{D4CD334D-2B50-4C66-BB5F-7F03FB87ACC5}.Debug|ARM.ActiveCfg = Debug|Any CPU
		{D4CD334D-2B50-4C66-BB5F-7F03FB87ACC5}.Debug|ARM.Build.0 = Debug|Any CPU
		{D4CD334D-2B50-4C66-BB5F-7F03FB87ACC5}.Debug|iPhone.ActiveCfg = Debug|Any CPU
		{D4CD334D-2B50-4C66-BB5F-7F03FB87ACC5}.Debug|iPhone.Build.0 = Debug|Any CPU
		{D4CD334D-2B50-4C66-BB5F-7F03FB87ACC5}.Debug|iPhoneSimulator.ActiveCfg = Debug|Any CPU
		{D4CD334D-2B50-4C66-BB5F-7F03FB87ACC5}.Debug|iPhoneSimulator.Build.0 = Debug|Any CPU
		{D4CD334D-2B50-4C66-BB5F-7F03FB87ACC5}.Debug|x64.ActiveCfg = Debug|Any CPU
		{D4CD334D-2B50-4C66-BB5F-7F03FB87ACC5}.Debug|x64.Build.0 = Debug|Any CPU
		{D4CD334D-2B50-4C66-BB5F-7F03FB87ACC5}.Debug|x86.ActiveCfg = Debug|Any CPU
		{D4CD334D-2B50-4C66-BB5F-7F03FB87ACC5}.Debug|x86.Build.0 = Debug|Any CPU
		{D4CD334D-2B50-4C66-BB5F-7F03FB87ACC5}.Release|Any CPU.ActiveCfg = Release|Any CPU
		{D4CD334D-2B50-4C66-BB5F-7F03FB87ACC5}.Release|Any CPU.Build.0 = Release|Any CPU
		{D4CD334D-2B50-4C66-BB5F-7F03FB87ACC5}.Release|ARM.ActiveCfg = Release|Any CPU
		{D4CD334D-2B50-4C66-BB5F-7F03FB87ACC5}.Release|ARM.Build.0 = Release|Any CPU
		{D4CD334D-2B50-4C66-BB5F-7F03FB87ACC5}.Release|iPhone.ActiveCfg = Release|Any CPU
		{D4CD334D-2B50-4C66-BB5F-7F03FB87ACC5}.Release|iPhone.Build.0 = Release|Any CPU
		{D4CD334D-2B50-4C66-BB5F-7F03FB87ACC5}.Release|iPhoneSimulator.ActiveCfg = Release|Any CPU
		{D4CD334D-2B50-4C66-BB5F-7F03FB87ACC5}.Release|iPhoneSimulator.Build.0 = Release|Any CPU
		{D4CD334D-2B50-4C66-BB5F-7F03FB87ACC5}.Release|x64.ActiveCfg = Release|Any CPU
		{D4CD334D-2B50-4C66-BB5F-7F03FB87ACC5}.Release|x64.Build.0 = Release|Any CPU
		{D4CD334D-2B50-4C66-BB5F-7F03FB87ACC5}.Release|x86.ActiveCfg = Release|Any CPU
		{D4CD334D-2B50-4C66-BB5F-7F03FB87ACC5}.Release|x86.Build.0 = Release|Any CPU
		{ED898011-A331-41BD-94E3-6EF4F9EF654F}.Ad-Hoc|Any CPU.ActiveCfg = Release|Any CPU
		{ED898011-A331-41BD-94E3-6EF4F9EF654F}.Ad-Hoc|Any CPU.Build.0 = Release|Any CPU
		{ED898011-A331-41BD-94E3-6EF4F9EF654F}.Ad-Hoc|ARM.ActiveCfg = Release|Any CPU
		{ED898011-A331-41BD-94E3-6EF4F9EF654F}.Ad-Hoc|ARM.Build.0 = Release|Any CPU
		{ED898011-A331-41BD-94E3-6EF4F9EF654F}.Ad-Hoc|iPhone.ActiveCfg = Release|Any CPU
		{ED898011-A331-41BD-94E3-6EF4F9EF654F}.Ad-Hoc|iPhone.Build.0 = Release|Any CPU
		{ED898011-A331-41BD-94E3-6EF4F9EF654F}.Ad-Hoc|iPhoneSimulator.ActiveCfg = Release|Any CPU
		{ED898011-A331-41BD-94E3-6EF4F9EF654F}.Ad-Hoc|iPhoneSimulator.Build.0 = Release|Any CPU
		{ED898011-A331-41BD-94E3-6EF4F9EF654F}.Ad-Hoc|x64.ActiveCfg = Release|Any CPU
		{ED898011-A331-41BD-94E3-6EF4F9EF654F}.Ad-Hoc|x64.Build.0 = Release|Any CPU
		{ED898011-A331-41BD-94E3-6EF4F9EF654F}.Ad-Hoc|x86.ActiveCfg = Release|Any CPU
		{ED898011-A331-41BD-94E3-6EF4F9EF654F}.Ad-Hoc|x86.Build.0 = Release|Any CPU
		{ED898011-A331-41BD-94E3-6EF4F9EF654F}.AppStore|Any CPU.ActiveCfg = Release|Any CPU
		{ED898011-A331-41BD-94E3-6EF4F9EF654F}.AppStore|Any CPU.Build.0 = Release|Any CPU
		{ED898011-A331-41BD-94E3-6EF4F9EF654F}.AppStore|ARM.ActiveCfg = Release|Any CPU
		{ED898011-A331-41BD-94E3-6EF4F9EF654F}.AppStore|ARM.Build.0 = Release|Any CPU
		{ED898011-A331-41BD-94E3-6EF4F9EF654F}.AppStore|iPhone.ActiveCfg = Release|Any CPU
		{ED898011-A331-41BD-94E3-6EF4F9EF654F}.AppStore|iPhone.Build.0 = Release|Any CPU
		{ED898011-A331-41BD-94E3-6EF4F9EF654F}.AppStore|iPhoneSimulator.ActiveCfg = Release|Any CPU
		{ED898011-A331-41BD-94E3-6EF4F9EF654F}.AppStore|iPhoneSimulator.Build.0 = Release|Any CPU
		{ED898011-A331-41BD-94E3-6EF4F9EF654F}.AppStore|x64.ActiveCfg = Release|Any CPU
		{ED898011-A331-41BD-94E3-6EF4F9EF654F}.AppStore|x64.Build.0 = Release|Any CPU
		{ED898011-A331-41BD-94E3-6EF4F9EF654F}.AppStore|x86.ActiveCfg = Release|Any CPU
		{ED898011-A331-41BD-94E3-6EF4F9EF654F}.AppStore|x86.Build.0 = Release|Any CPU
		{ED898011-A331-41BD-94E3-6EF4F9EF654F}.Debug|Any CPU.ActiveCfg = Debug|Any CPU
		{ED898011-A331-41BD-94E3-6EF4F9EF654F}.Debug|Any CPU.Build.0 = Debug|Any CPU
		{ED898011-A331-41BD-94E3-6EF4F9EF654F}.Debug|ARM.ActiveCfg = Debug|Any CPU
		{ED898011-A331-41BD-94E3-6EF4F9EF654F}.Debug|ARM.Build.0 = Debug|Any CPU
		{ED898011-A331-41BD-94E3-6EF4F9EF654F}.Debug|iPhone.ActiveCfg = Debug|Any CPU
		{ED898011-A331-41BD-94E3-6EF4F9EF654F}.Debug|iPhone.Build.0 = Debug|Any CPU
		{ED898011-A331-41BD-94E3-6EF4F9EF654F}.Debug|iPhoneSimulator.ActiveCfg = Debug|Any CPU
		{ED898011-A331-41BD-94E3-6EF4F9EF654F}.Debug|iPhoneSimulator.Build.0 = Debug|Any CPU
		{ED898011-A331-41BD-94E3-6EF4F9EF654F}.Debug|x64.ActiveCfg = Debug|Any CPU
		{ED898011-A331-41BD-94E3-6EF4F9EF654F}.Debug|x64.Build.0 = Debug|Any CPU
		{ED898011-A331-41BD-94E3-6EF4F9EF654F}.Debug|x86.ActiveCfg = Debug|Any CPU
		{ED898011-A331-41BD-94E3-6EF4F9EF654F}.Debug|x86.Build.0 = Debug|Any CPU
		{ED898011-A331-41BD-94E3-6EF4F9EF654F}.Release|Any CPU.ActiveCfg = Release|Any CPU
		{ED898011-A331-41BD-94E3-6EF4F9EF654F}.Release|Any CPU.Build.0 = Release|Any CPU
		{ED898011-A331-41BD-94E3-6EF4F9EF654F}.Release|ARM.ActiveCfg = Release|Any CPU
		{ED898011-A331-41BD-94E3-6EF4F9EF654F}.Release|ARM.Build.0 = Release|Any CPU
		{ED898011-A331-41BD-94E3-6EF4F9EF654F}.Release|iPhone.ActiveCfg = Release|Any CPU
		{ED898011-A331-41BD-94E3-6EF4F9EF654F}.Release|iPhone.Build.0 = Release|Any CPU
		{ED898011-A331-41BD-94E3-6EF4F9EF654F}.Release|iPhoneSimulator.ActiveCfg = Release|Any CPU
		{ED898011-A331-41BD-94E3-6EF4F9EF654F}.Release|iPhoneSimulator.Build.0 = Release|Any CPU
		{ED898011-A331-41BD-94E3-6EF4F9EF654F}.Release|x64.ActiveCfg = Release|Any CPU
		{ED898011-A331-41BD-94E3-6EF4F9EF654F}.Release|x64.Build.0 = Release|Any CPU
		{ED898011-A331-41BD-94E3-6EF4F9EF654F}.Release|x86.ActiveCfg = Release|Any CPU
		{ED898011-A331-41BD-94E3-6EF4F9EF654F}.Release|x86.Build.0 = Release|Any CPU
		{6D82B112-AB08-4948-A4F9-F7C6D346CC7B}.Ad-Hoc|Any CPU.ActiveCfg = Release|Any CPU
		{6D82B112-AB08-4948-A4F9-F7C6D346CC7B}.Ad-Hoc|Any CPU.Build.0 = Release|Any CPU
		{6D82B112-AB08-4948-A4F9-F7C6D346CC7B}.Ad-Hoc|ARM.ActiveCfg = Release|Any CPU
		{6D82B112-AB08-4948-A4F9-F7C6D346CC7B}.Ad-Hoc|ARM.Build.0 = Release|Any CPU
		{6D82B112-AB08-4948-A4F9-F7C6D346CC7B}.Ad-Hoc|iPhone.ActiveCfg = Release|Any CPU
		{6D82B112-AB08-4948-A4F9-F7C6D346CC7B}.Ad-Hoc|iPhone.Build.0 = Release|Any CPU
		{6D82B112-AB08-4948-A4F9-F7C6D346CC7B}.Ad-Hoc|iPhoneSimulator.ActiveCfg = Release|Any CPU
		{6D82B112-AB08-4948-A4F9-F7C6D346CC7B}.Ad-Hoc|iPhoneSimulator.Build.0 = Release|Any CPU
		{6D82B112-AB08-4948-A4F9-F7C6D346CC7B}.Ad-Hoc|x64.ActiveCfg = Release|Any CPU
		{6D82B112-AB08-4948-A4F9-F7C6D346CC7B}.Ad-Hoc|x64.Build.0 = Release|Any CPU
		{6D82B112-AB08-4948-A4F9-F7C6D346CC7B}.Ad-Hoc|x86.ActiveCfg = Release|Any CPU
		{6D82B112-AB08-4948-A4F9-F7C6D346CC7B}.Ad-Hoc|x86.Build.0 = Release|Any CPU
		{6D82B112-AB08-4948-A4F9-F7C6D346CC7B}.AppStore|Any CPU.ActiveCfg = Release|Any CPU
		{6D82B112-AB08-4948-A4F9-F7C6D346CC7B}.AppStore|Any CPU.Build.0 = Release|Any CPU
		{6D82B112-AB08-4948-A4F9-F7C6D346CC7B}.AppStore|ARM.ActiveCfg = Release|Any CPU
		{6D82B112-AB08-4948-A4F9-F7C6D346CC7B}.AppStore|ARM.Build.0 = Release|Any CPU
		{6D82B112-AB08-4948-A4F9-F7C6D346CC7B}.AppStore|iPhone.ActiveCfg = Release|Any CPU
		{6D82B112-AB08-4948-A4F9-F7C6D346CC7B}.AppStore|iPhone.Build.0 = Release|Any CPU
		{6D82B112-AB08-4948-A4F9-F7C6D346CC7B}.AppStore|iPhoneSimulator.ActiveCfg = Release|Any CPU
		{6D82B112-AB08-4948-A4F9-F7C6D346CC7B}.AppStore|iPhoneSimulator.Build.0 = Release|Any CPU
		{6D82B112-AB08-4948-A4F9-F7C6D346CC7B}.AppStore|x64.ActiveCfg = Release|Any CPU
		{6D82B112-AB08-4948-A4F9-F7C6D346CC7B}.AppStore|x64.Build.0 = Release|Any CPU
		{6D82B112-AB08-4948-A4F9-F7C6D346CC7B}.AppStore|x86.ActiveCfg = Release|Any CPU
		{6D82B112-AB08-4948-A4F9-F7C6D346CC7B}.AppStore|x86.Build.0 = Release|Any CPU
		{6D82B112-AB08-4948-A4F9-F7C6D346CC7B}.Debug|Any CPU.ActiveCfg = Debug|Any CPU
		{6D82B112-AB08-4948-A4F9-F7C6D346CC7B}.Debug|Any CPU.Build.0 = Debug|Any CPU
		{6D82B112-AB08-4948-A4F9-F7C6D346CC7B}.Debug|ARM.ActiveCfg = Debug|Any CPU
		{6D82B112-AB08-4948-A4F9-F7C6D346CC7B}.Debug|ARM.Build.0 = Debug|Any CPU
		{6D82B112-AB08-4948-A4F9-F7C6D346CC7B}.Debug|iPhone.ActiveCfg = Debug|Any CPU
		{6D82B112-AB08-4948-A4F9-F7C6D346CC7B}.Debug|iPhone.Build.0 = Debug|Any CPU
		{6D82B112-AB08-4948-A4F9-F7C6D346CC7B}.Debug|iPhoneSimulator.ActiveCfg = Debug|Any CPU
		{6D82B112-AB08-4948-A4F9-F7C6D346CC7B}.Debug|iPhoneSimulator.Build.0 = Debug|Any CPU
		{6D82B112-AB08-4948-A4F9-F7C6D346CC7B}.Debug|x64.ActiveCfg = Debug|Any CPU
		{6D82B112-AB08-4948-A4F9-F7C6D346CC7B}.Debug|x64.Build.0 = Debug|Any CPU
		{6D82B112-AB08-4948-A4F9-F7C6D346CC7B}.Debug|x86.ActiveCfg = Debug|Any CPU
		{6D82B112-AB08-4948-A4F9-F7C6D346CC7B}.Debug|x86.Build.0 = Debug|Any CPU
		{6D82B112-AB08-4948-A4F9-F7C6D346CC7B}.Release|Any CPU.ActiveCfg = Release|Any CPU
		{6D82B112-AB08-4948-A4F9-F7C6D346CC7B}.Release|Any CPU.Build.0 = Release|Any CPU
		{6D82B112-AB08-4948-A4F9-F7C6D346CC7B}.Release|ARM.ActiveCfg = Release|Any CPU
		{6D82B112-AB08-4948-A4F9-F7C6D346CC7B}.Release|ARM.Build.0 = Release|Any CPU
		{6D82B112-AB08-4948-A4F9-F7C6D346CC7B}.Release|iPhone.ActiveCfg = Release|Any CPU
		{6D82B112-AB08-4948-A4F9-F7C6D346CC7B}.Release|iPhone.Build.0 = Release|Any CPU
		{6D82B112-AB08-4948-A4F9-F7C6D346CC7B}.Release|iPhoneSimulator.ActiveCfg = Release|Any CPU
		{6D82B112-AB08-4948-A4F9-F7C6D346CC7B}.Release|iPhoneSimulator.Build.0 = Release|Any CPU
		{6D82B112-AB08-4948-A4F9-F7C6D346CC7B}.Release|x64.ActiveCfg = Release|Any CPU
		{6D82B112-AB08-4948-A4F9-F7C6D346CC7B}.Release|x64.Build.0 = Release|Any CPU
		{6D82B112-AB08-4948-A4F9-F7C6D346CC7B}.Release|x86.ActiveCfg = Release|Any CPU
		{6D82B112-AB08-4948-A4F9-F7C6D346CC7B}.Release|x86.Build.0 = Release|Any CPU
		{7BCFFEFB-5D13-4325-9638-F98F8D2510B8}.Ad-Hoc|Any CPU.ActiveCfg = Release|Any CPU
		{7BCFFEFB-5D13-4325-9638-F98F8D2510B8}.Ad-Hoc|Any CPU.Build.0 = Release|Any CPU
		{7BCFFEFB-5D13-4325-9638-F98F8D2510B8}.Ad-Hoc|ARM.ActiveCfg = Release|Any CPU
		{7BCFFEFB-5D13-4325-9638-F98F8D2510B8}.Ad-Hoc|ARM.Build.0 = Release|Any CPU
		{7BCFFEFB-5D13-4325-9638-F98F8D2510B8}.Ad-Hoc|iPhone.ActiveCfg = Release|Any CPU
		{7BCFFEFB-5D13-4325-9638-F98F8D2510B8}.Ad-Hoc|iPhone.Build.0 = Release|Any CPU
		{7BCFFEFB-5D13-4325-9638-F98F8D2510B8}.Ad-Hoc|iPhoneSimulator.ActiveCfg = Release|Any CPU
		{7BCFFEFB-5D13-4325-9638-F98F8D2510B8}.Ad-Hoc|iPhoneSimulator.Build.0 = Release|Any CPU
		{7BCFFEFB-5D13-4325-9638-F98F8D2510B8}.Ad-Hoc|x64.ActiveCfg = Release|Any CPU
		{7BCFFEFB-5D13-4325-9638-F98F8D2510B8}.Ad-Hoc|x64.Build.0 = Release|Any CPU
		{7BCFFEFB-5D13-4325-9638-F98F8D2510B8}.Ad-Hoc|x86.ActiveCfg = Release|Any CPU
		{7BCFFEFB-5D13-4325-9638-F98F8D2510B8}.Ad-Hoc|x86.Build.0 = Release|Any CPU
		{7BCFFEFB-5D13-4325-9638-F98F8D2510B8}.AppStore|Any CPU.ActiveCfg = Release|Any CPU
		{7BCFFEFB-5D13-4325-9638-F98F8D2510B8}.AppStore|Any CPU.Build.0 = Release|Any CPU
		{7BCFFEFB-5D13-4325-9638-F98F8D2510B8}.AppStore|ARM.ActiveCfg = Release|Any CPU
		{7BCFFEFB-5D13-4325-9638-F98F8D2510B8}.AppStore|ARM.Build.0 = Release|Any CPU
		{7BCFFEFB-5D13-4325-9638-F98F8D2510B8}.AppStore|iPhone.ActiveCfg = Release|Any CPU
		{7BCFFEFB-5D13-4325-9638-F98F8D2510B8}.AppStore|iPhone.Build.0 = Release|Any CPU
		{7BCFFEFB-5D13-4325-9638-F98F8D2510B8}.AppStore|iPhoneSimulator.ActiveCfg = Release|Any CPU
		{7BCFFEFB-5D13-4325-9638-F98F8D2510B8}.AppStore|iPhoneSimulator.Build.0 = Release|Any CPU
		{7BCFFEFB-5D13-4325-9638-F98F8D2510B8}.AppStore|x64.ActiveCfg = Release|Any CPU
		{7BCFFEFB-5D13-4325-9638-F98F8D2510B8}.AppStore|x64.Build.0 = Release|Any CPU
		{7BCFFEFB-5D13-4325-9638-F98F8D2510B8}.AppStore|x86.ActiveCfg = Release|Any CPU
		{7BCFFEFB-5D13-4325-9638-F98F8D2510B8}.AppStore|x86.Build.0 = Release|Any CPU
		{7BCFFEFB-5D13-4325-9638-F98F8D2510B8}.Debug|Any CPU.ActiveCfg = Debug|Any CPU
		{7BCFFEFB-5D13-4325-9638-F98F8D2510B8}.Debug|Any CPU.Build.0 = Debug|Any CPU
		{7BCFFEFB-5D13-4325-9638-F98F8D2510B8}.Debug|ARM.ActiveCfg = Debug|Any CPU
		{7BCFFEFB-5D13-4325-9638-F98F8D2510B8}.Debug|ARM.Build.0 = Debug|Any CPU
		{7BCFFEFB-5D13-4325-9638-F98F8D2510B8}.Debug|iPhone.ActiveCfg = Debug|Any CPU
		{7BCFFEFB-5D13-4325-9638-F98F8D2510B8}.Debug|iPhone.Build.0 = Debug|Any CPU
		{7BCFFEFB-5D13-4325-9638-F98F8D2510B8}.Debug|iPhoneSimulator.ActiveCfg = Debug|Any CPU
		{7BCFFEFB-5D13-4325-9638-F98F8D2510B8}.Debug|iPhoneSimulator.Build.0 = Debug|Any CPU
		{7BCFFEFB-5D13-4325-9638-F98F8D2510B8}.Debug|x64.ActiveCfg = Debug|Any CPU
		{7BCFFEFB-5D13-4325-9638-F98F8D2510B8}.Debug|x64.Build.0 = Debug|Any CPU
		{7BCFFEFB-5D13-4325-9638-F98F8D2510B8}.Debug|x86.ActiveCfg = Debug|Any CPU
		{7BCFFEFB-5D13-4325-9638-F98F8D2510B8}.Debug|x86.Build.0 = Debug|Any CPU
		{7BCFFEFB-5D13-4325-9638-F98F8D2510B8}.Release|Any CPU.ActiveCfg = Release|Any CPU
		{7BCFFEFB-5D13-4325-9638-F98F8D2510B8}.Release|Any CPU.Build.0 = Release|Any CPU
		{7BCFFEFB-5D13-4325-9638-F98F8D2510B8}.Release|ARM.ActiveCfg = Release|Any CPU
		{7BCFFEFB-5D13-4325-9638-F98F8D2510B8}.Release|ARM.Build.0 = Release|Any CPU
		{7BCFFEFB-5D13-4325-9638-F98F8D2510B8}.Release|iPhone.ActiveCfg = Release|Any CPU
		{7BCFFEFB-5D13-4325-9638-F98F8D2510B8}.Release|iPhone.Build.0 = Release|Any CPU
		{7BCFFEFB-5D13-4325-9638-F98F8D2510B8}.Release|iPhoneSimulator.ActiveCfg = Release|Any CPU
		{7BCFFEFB-5D13-4325-9638-F98F8D2510B8}.Release|iPhoneSimulator.Build.0 = Release|Any CPU
		{7BCFFEFB-5D13-4325-9638-F98F8D2510B8}.Release|x64.ActiveCfg = Release|Any CPU
		{7BCFFEFB-5D13-4325-9638-F98F8D2510B8}.Release|x64.Build.0 = Release|Any CPU
		{7BCFFEFB-5D13-4325-9638-F98F8D2510B8}.Release|x86.ActiveCfg = Release|Any CPU
		{7BCFFEFB-5D13-4325-9638-F98F8D2510B8}.Release|x86.Build.0 = Release|Any CPU
		{3FF07A1E-6FFD-4658-B7E2-153097261089}.Ad-Hoc|Any CPU.ActiveCfg = Release|Any CPU
		{3FF07A1E-6FFD-4658-B7E2-153097261089}.Ad-Hoc|Any CPU.Build.0 = Release|Any CPU
		{3FF07A1E-6FFD-4658-B7E2-153097261089}.Ad-Hoc|ARM.ActiveCfg = Release|Any CPU
		{3FF07A1E-6FFD-4658-B7E2-153097261089}.Ad-Hoc|ARM.Build.0 = Release|Any CPU
		{3FF07A1E-6FFD-4658-B7E2-153097261089}.Ad-Hoc|iPhone.ActiveCfg = Release|Any CPU
		{3FF07A1E-6FFD-4658-B7E2-153097261089}.Ad-Hoc|iPhone.Build.0 = Release|Any CPU
		{3FF07A1E-6FFD-4658-B7E2-153097261089}.Ad-Hoc|iPhoneSimulator.ActiveCfg = Release|Any CPU
		{3FF07A1E-6FFD-4658-B7E2-153097261089}.Ad-Hoc|iPhoneSimulator.Build.0 = Release|Any CPU
		{3FF07A1E-6FFD-4658-B7E2-153097261089}.Ad-Hoc|x64.ActiveCfg = Release|Any CPU
		{3FF07A1E-6FFD-4658-B7E2-153097261089}.Ad-Hoc|x64.Build.0 = Release|Any CPU
		{3FF07A1E-6FFD-4658-B7E2-153097261089}.Ad-Hoc|x86.ActiveCfg = Release|Any CPU
		{3FF07A1E-6FFD-4658-B7E2-153097261089}.Ad-Hoc|x86.Build.0 = Release|Any CPU
		{3FF07A1E-6FFD-4658-B7E2-153097261089}.AppStore|Any CPU.ActiveCfg = Release|Any CPU
		{3FF07A1E-6FFD-4658-B7E2-153097261089}.AppStore|Any CPU.Build.0 = Release|Any CPU
		{3FF07A1E-6FFD-4658-B7E2-153097261089}.AppStore|ARM.ActiveCfg = Release|Any CPU
		{3FF07A1E-6FFD-4658-B7E2-153097261089}.AppStore|ARM.Build.0 = Release|Any CPU
		{3FF07A1E-6FFD-4658-B7E2-153097261089}.AppStore|iPhone.ActiveCfg = Release|Any CPU
		{3FF07A1E-6FFD-4658-B7E2-153097261089}.AppStore|iPhone.Build.0 = Release|Any CPU
		{3FF07A1E-6FFD-4658-B7E2-153097261089}.AppStore|iPhoneSimulator.ActiveCfg = Release|Any CPU
		{3FF07A1E-6FFD-4658-B7E2-153097261089}.AppStore|iPhoneSimulator.Build.0 = Release|Any CPU
		{3FF07A1E-6FFD-4658-B7E2-153097261089}.AppStore|x64.ActiveCfg = Release|Any CPU
		{3FF07A1E-6FFD-4658-B7E2-153097261089}.AppStore|x64.Build.0 = Release|Any CPU
		{3FF07A1E-6FFD-4658-B7E2-153097261089}.AppStore|x86.ActiveCfg = Release|Any CPU
		{3FF07A1E-6FFD-4658-B7E2-153097261089}.AppStore|x86.Build.0 = Release|Any CPU
		{3FF07A1E-6FFD-4658-B7E2-153097261089}.Debug|Any CPU.ActiveCfg = Debug|Any CPU
		{3FF07A1E-6FFD-4658-B7E2-153097261089}.Debug|Any CPU.Build.0 = Debug|Any CPU
		{3FF07A1E-6FFD-4658-B7E2-153097261089}.Debug|ARM.ActiveCfg = Debug|Any CPU
		{3FF07A1E-6FFD-4658-B7E2-153097261089}.Debug|ARM.Build.0 = Debug|Any CPU
		{3FF07A1E-6FFD-4658-B7E2-153097261089}.Debug|iPhone.ActiveCfg = Debug|Any CPU
		{3FF07A1E-6FFD-4658-B7E2-153097261089}.Debug|iPhone.Build.0 = Debug|Any CPU
		{3FF07A1E-6FFD-4658-B7E2-153097261089}.Debug|iPhoneSimulator.ActiveCfg = Debug|Any CPU
		{3FF07A1E-6FFD-4658-B7E2-153097261089}.Debug|iPhoneSimulator.Build.0 = Debug|Any CPU
		{3FF07A1E-6FFD-4658-B7E2-153097261089}.Debug|x64.ActiveCfg = Debug|Any CPU
		{3FF07A1E-6FFD-4658-B7E2-153097261089}.Debug|x64.Build.0 = Debug|Any CPU
		{3FF07A1E-6FFD-4658-B7E2-153097261089}.Debug|x86.ActiveCfg = Debug|Any CPU
		{3FF07A1E-6FFD-4658-B7E2-153097261089}.Debug|x86.Build.0 = Debug|Any CPU
		{3FF07A1E-6FFD-4658-B7E2-153097261089}.Release|Any CPU.ActiveCfg = Release|Any CPU
		{3FF07A1E-6FFD-4658-B7E2-153097261089}.Release|Any CPU.Build.0 = Release|Any CPU
		{3FF07A1E-6FFD-4658-B7E2-153097261089}.Release|ARM.ActiveCfg = Release|Any CPU
		{3FF07A1E-6FFD-4658-B7E2-153097261089}.Release|ARM.Build.0 = Release|Any CPU
		{3FF07A1E-6FFD-4658-B7E2-153097261089}.Release|iPhone.ActiveCfg = Release|Any CPU
		{3FF07A1E-6FFD-4658-B7E2-153097261089}.Release|iPhone.Build.0 = Release|Any CPU
		{3FF07A1E-6FFD-4658-B7E2-153097261089}.Release|iPhoneSimulator.ActiveCfg = Release|Any CPU
		{3FF07A1E-6FFD-4658-B7E2-153097261089}.Release|iPhoneSimulator.Build.0 = Release|Any CPU
		{3FF07A1E-6FFD-4658-B7E2-153097261089}.Release|x64.ActiveCfg = Release|Any CPU
		{3FF07A1E-6FFD-4658-B7E2-153097261089}.Release|x64.Build.0 = Release|Any CPU
		{3FF07A1E-6FFD-4658-B7E2-153097261089}.Release|x86.ActiveCfg = Release|Any CPU
		{3FF07A1E-6FFD-4658-B7E2-153097261089}.Release|x86.Build.0 = Release|Any CPU
		{43848AA0-DB79-4ECB-81D2-468ADA3C42B1}.Ad-Hoc|Any CPU.ActiveCfg = Release|Any CPU
		{43848AA0-DB79-4ECB-81D2-468ADA3C42B1}.Ad-Hoc|Any CPU.Build.0 = Release|Any CPU
		{43848AA0-DB79-4ECB-81D2-468ADA3C42B1}.Ad-Hoc|ARM.ActiveCfg = Release|Any CPU
		{43848AA0-DB79-4ECB-81D2-468ADA3C42B1}.Ad-Hoc|ARM.Build.0 = Release|Any CPU
		{43848AA0-DB79-4ECB-81D2-468ADA3C42B1}.Ad-Hoc|iPhone.ActiveCfg = Release|Any CPU
		{43848AA0-DB79-4ECB-81D2-468ADA3C42B1}.Ad-Hoc|iPhone.Build.0 = Release|Any CPU
		{43848AA0-DB79-4ECB-81D2-468ADA3C42B1}.Ad-Hoc|iPhoneSimulator.ActiveCfg = Release|Any CPU
		{43848AA0-DB79-4ECB-81D2-468ADA3C42B1}.Ad-Hoc|iPhoneSimulator.Build.0 = Release|Any CPU
		{43848AA0-DB79-4ECB-81D2-468ADA3C42B1}.Ad-Hoc|x64.ActiveCfg = Release|Any CPU
		{43848AA0-DB79-4ECB-81D2-468ADA3C42B1}.Ad-Hoc|x64.Build.0 = Release|Any CPU
		{43848AA0-DB79-4ECB-81D2-468ADA3C42B1}.Ad-Hoc|x86.ActiveCfg = Release|Any CPU
		{43848AA0-DB79-4ECB-81D2-468ADA3C42B1}.Ad-Hoc|x86.Build.0 = Release|Any CPU
		{43848AA0-DB79-4ECB-81D2-468ADA3C42B1}.AppStore|Any CPU.ActiveCfg = Release|Any CPU
		{43848AA0-DB79-4ECB-81D2-468ADA3C42B1}.AppStore|Any CPU.Build.0 = Release|Any CPU
		{43848AA0-DB79-4ECB-81D2-468ADA3C42B1}.AppStore|ARM.ActiveCfg = Release|Any CPU
		{43848AA0-DB79-4ECB-81D2-468ADA3C42B1}.AppStore|ARM.Build.0 = Release|Any CPU
		{43848AA0-DB79-4ECB-81D2-468ADA3C42B1}.AppStore|iPhone.ActiveCfg = Release|Any CPU
		{43848AA0-DB79-4ECB-81D2-468ADA3C42B1}.AppStore|iPhone.Build.0 = Release|Any CPU
		{43848AA0-DB79-4ECB-81D2-468ADA3C42B1}.AppStore|iPhoneSimulator.ActiveCfg = Release|Any CPU
		{43848AA0-DB79-4ECB-81D2-468ADA3C42B1}.AppStore|iPhoneSimulator.Build.0 = Release|Any CPU
		{43848AA0-DB79-4ECB-81D2-468ADA3C42B1}.AppStore|x64.ActiveCfg = Release|Any CPU
		{43848AA0-DB79-4ECB-81D2-468ADA3C42B1}.AppStore|x64.Build.0 = Release|Any CPU
		{43848AA0-DB79-4ECB-81D2-468ADA3C42B1}.AppStore|x86.ActiveCfg = Release|Any CPU
		{43848AA0-DB79-4ECB-81D2-468ADA3C42B1}.AppStore|x86.Build.0 = Release|Any CPU
		{43848AA0-DB79-4ECB-81D2-468ADA3C42B1}.Debug|Any CPU.ActiveCfg = Debug|Any CPU
		{43848AA0-DB79-4ECB-81D2-468ADA3C42B1}.Debug|Any CPU.Build.0 = Debug|Any CPU
		{43848AA0-DB79-4ECB-81D2-468ADA3C42B1}.Debug|ARM.ActiveCfg = Debug|Any CPU
		{43848AA0-DB79-4ECB-81D2-468ADA3C42B1}.Debug|ARM.Build.0 = Debug|Any CPU
		{43848AA0-DB79-4ECB-81D2-468ADA3C42B1}.Debug|iPhone.ActiveCfg = Debug|Any CPU
		{43848AA0-DB79-4ECB-81D2-468ADA3C42B1}.Debug|iPhone.Build.0 = Debug|Any CPU
		{43848AA0-DB79-4ECB-81D2-468ADA3C42B1}.Debug|iPhoneSimulator.ActiveCfg = Debug|Any CPU
		{43848AA0-DB79-4ECB-81D2-468ADA3C42B1}.Debug|iPhoneSimulator.Build.0 = Debug|Any CPU
		{43848AA0-DB79-4ECB-81D2-468ADA3C42B1}.Debug|x64.ActiveCfg = Debug|Any CPU
		{43848AA0-DB79-4ECB-81D2-468ADA3C42B1}.Debug|x64.Build.0 = Debug|Any CPU
		{43848AA0-DB79-4ECB-81D2-468ADA3C42B1}.Debug|x86.ActiveCfg = Debug|Any CPU
		{43848AA0-DB79-4ECB-81D2-468ADA3C42B1}.Debug|x86.Build.0 = Debug|Any CPU
		{43848AA0-DB79-4ECB-81D2-468ADA3C42B1}.Release|Any CPU.ActiveCfg = Release|Any CPU
		{43848AA0-DB79-4ECB-81D2-468ADA3C42B1}.Release|Any CPU.Build.0 = Release|Any CPU
		{43848AA0-DB79-4ECB-81D2-468ADA3C42B1}.Release|ARM.ActiveCfg = Release|Any CPU
		{43848AA0-DB79-4ECB-81D2-468ADA3C42B1}.Release|ARM.Build.0 = Release|Any CPU
		{43848AA0-DB79-4ECB-81D2-468ADA3C42B1}.Release|iPhone.ActiveCfg = Release|Any CPU
		{43848AA0-DB79-4ECB-81D2-468ADA3C42B1}.Release|iPhone.Build.0 = Release|Any CPU
		{43848AA0-DB79-4ECB-81D2-468ADA3C42B1}.Release|iPhoneSimulator.ActiveCfg = Release|Any CPU
		{43848AA0-DB79-4ECB-81D2-468ADA3C42B1}.Release|iPhoneSimulator.Build.0 = Release|Any CPU
		{43848AA0-DB79-4ECB-81D2-468ADA3C42B1}.Release|x64.ActiveCfg = Release|Any CPU
		{43848AA0-DB79-4ECB-81D2-468ADA3C42B1}.Release|x64.Build.0 = Release|Any CPU
		{43848AA0-DB79-4ECB-81D2-468ADA3C42B1}.Release|x86.ActiveCfg = Release|Any CPU
		{43848AA0-DB79-4ECB-81D2-468ADA3C42B1}.Release|x86.Build.0 = Release|Any CPU
		{9750A98A-94B9-4001-8BB2-468A3788C448}.Ad-Hoc|Any CPU.ActiveCfg = Release|Any CPU
		{9750A98A-94B9-4001-8BB2-468A3788C448}.Ad-Hoc|Any CPU.Build.0 = Release|Any CPU
		{9750A98A-94B9-4001-8BB2-468A3788C448}.Ad-Hoc|Any CPU.Deploy.0 = Release|Any CPU
		{9750A98A-94B9-4001-8BB2-468A3788C448}.Ad-Hoc|ARM.ActiveCfg = Release|Any CPU
		{9750A98A-94B9-4001-8BB2-468A3788C448}.Ad-Hoc|ARM.Build.0 = Release|Any CPU
		{9750A98A-94B9-4001-8BB2-468A3788C448}.Ad-Hoc|ARM.Deploy.0 = Release|Any CPU
		{9750A98A-94B9-4001-8BB2-468A3788C448}.Ad-Hoc|iPhone.ActiveCfg = Release|Any CPU
		{9750A98A-94B9-4001-8BB2-468A3788C448}.Ad-Hoc|iPhone.Build.0 = Release|Any CPU
		{9750A98A-94B9-4001-8BB2-468A3788C448}.Ad-Hoc|iPhone.Deploy.0 = Release|Any CPU
		{9750A98A-94B9-4001-8BB2-468A3788C448}.Ad-Hoc|iPhoneSimulator.ActiveCfg = Release|Any CPU
		{9750A98A-94B9-4001-8BB2-468A3788C448}.Ad-Hoc|iPhoneSimulator.Build.0 = Release|Any CPU
		{9750A98A-94B9-4001-8BB2-468A3788C448}.Ad-Hoc|iPhoneSimulator.Deploy.0 = Release|Any CPU
		{9750A98A-94B9-4001-8BB2-468A3788C448}.Ad-Hoc|x64.ActiveCfg = Release|Any CPU
		{9750A98A-94B9-4001-8BB2-468A3788C448}.Ad-Hoc|x64.Build.0 = Release|Any CPU
		{9750A98A-94B9-4001-8BB2-468A3788C448}.Ad-Hoc|x64.Deploy.0 = Release|Any CPU
		{9750A98A-94B9-4001-8BB2-468A3788C448}.Ad-Hoc|x86.ActiveCfg = Release|Any CPU
		{9750A98A-94B9-4001-8BB2-468A3788C448}.Ad-Hoc|x86.Build.0 = Release|Any CPU
		{9750A98A-94B9-4001-8BB2-468A3788C448}.Ad-Hoc|x86.Deploy.0 = Release|Any CPU
		{9750A98A-94B9-4001-8BB2-468A3788C448}.AppStore|Any CPU.ActiveCfg = Release|Any CPU
		{9750A98A-94B9-4001-8BB2-468A3788C448}.AppStore|Any CPU.Build.0 = Release|Any CPU
		{9750A98A-94B9-4001-8BB2-468A3788C448}.AppStore|Any CPU.Deploy.0 = Release|Any CPU
		{9750A98A-94B9-4001-8BB2-468A3788C448}.AppStore|ARM.ActiveCfg = Release|Any CPU
		{9750A98A-94B9-4001-8BB2-468A3788C448}.AppStore|ARM.Build.0 = Release|Any CPU
		{9750A98A-94B9-4001-8BB2-468A3788C448}.AppStore|ARM.Deploy.0 = Release|Any CPU
		{9750A98A-94B9-4001-8BB2-468A3788C448}.AppStore|iPhone.ActiveCfg = Release|Any CPU
		{9750A98A-94B9-4001-8BB2-468A3788C448}.AppStore|iPhone.Build.0 = Release|Any CPU
		{9750A98A-94B9-4001-8BB2-468A3788C448}.AppStore|iPhone.Deploy.0 = Release|Any CPU
		{9750A98A-94B9-4001-8BB2-468A3788C448}.AppStore|iPhoneSimulator.ActiveCfg = Release|Any CPU
		{9750A98A-94B9-4001-8BB2-468A3788C448}.AppStore|iPhoneSimulator.Build.0 = Release|Any CPU
		{9750A98A-94B9-4001-8BB2-468A3788C448}.AppStore|iPhoneSimulator.Deploy.0 = Release|Any CPU
		{9750A98A-94B9-4001-8BB2-468A3788C448}.AppStore|x64.ActiveCfg = Release|Any CPU
		{9750A98A-94B9-4001-8BB2-468A3788C448}.AppStore|x64.Build.0 = Release|Any CPU
		{9750A98A-94B9-4001-8BB2-468A3788C448}.AppStore|x64.Deploy.0 = Release|Any CPU
		{9750A98A-94B9-4001-8BB2-468A3788C448}.AppStore|x86.ActiveCfg = Release|Any CPU
		{9750A98A-94B9-4001-8BB2-468A3788C448}.AppStore|x86.Build.0 = Release|Any CPU
		{9750A98A-94B9-4001-8BB2-468A3788C448}.AppStore|x86.Deploy.0 = Release|Any CPU
		{9750A98A-94B9-4001-8BB2-468A3788C448}.Debug|Any CPU.ActiveCfg = Debug|Any CPU
		{9750A98A-94B9-4001-8BB2-468A3788C448}.Debug|Any CPU.Build.0 = Debug|Any CPU
		{9750A98A-94B9-4001-8BB2-468A3788C448}.Debug|Any CPU.Deploy.0 = Debug|Any CPU
		{9750A98A-94B9-4001-8BB2-468A3788C448}.Debug|ARM.ActiveCfg = Debug|Any CPU
		{9750A98A-94B9-4001-8BB2-468A3788C448}.Debug|ARM.Build.0 = Debug|Any CPU
		{9750A98A-94B9-4001-8BB2-468A3788C448}.Debug|ARM.Deploy.0 = Debug|Any CPU
		{9750A98A-94B9-4001-8BB2-468A3788C448}.Debug|iPhone.ActiveCfg = Debug|Any CPU
		{9750A98A-94B9-4001-8BB2-468A3788C448}.Debug|iPhone.Build.0 = Debug|Any CPU
		{9750A98A-94B9-4001-8BB2-468A3788C448}.Debug|iPhone.Deploy.0 = Debug|Any CPU
		{9750A98A-94B9-4001-8BB2-468A3788C448}.Debug|iPhoneSimulator.ActiveCfg = Debug|Any CPU
		{9750A98A-94B9-4001-8BB2-468A3788C448}.Debug|iPhoneSimulator.Build.0 = Debug|Any CPU
		{9750A98A-94B9-4001-8BB2-468A3788C448}.Debug|iPhoneSimulator.Deploy.0 = Debug|Any CPU
		{9750A98A-94B9-4001-8BB2-468A3788C448}.Debug|x64.ActiveCfg = Debug|Any CPU
		{9750A98A-94B9-4001-8BB2-468A3788C448}.Debug|x64.Build.0 = Debug|Any CPU
		{9750A98A-94B9-4001-8BB2-468A3788C448}.Debug|x64.Deploy.0 = Debug|Any CPU
		{9750A98A-94B9-4001-8BB2-468A3788C448}.Debug|x86.ActiveCfg = Debug|Any CPU
		{9750A98A-94B9-4001-8BB2-468A3788C448}.Debug|x86.Build.0 = Debug|Any CPU
		{9750A98A-94B9-4001-8BB2-468A3788C448}.Debug|x86.Deploy.0 = Debug|Any CPU
		{9750A98A-94B9-4001-8BB2-468A3788C448}.Release|Any CPU.ActiveCfg = Release|Any CPU
		{9750A98A-94B9-4001-8BB2-468A3788C448}.Release|Any CPU.Build.0 = Release|Any CPU
		{9750A98A-94B9-4001-8BB2-468A3788C448}.Release|Any CPU.Deploy.0 = Release|Any CPU
		{9750A98A-94B9-4001-8BB2-468A3788C448}.Release|ARM.ActiveCfg = Release|Any CPU
		{9750A98A-94B9-4001-8BB2-468A3788C448}.Release|ARM.Build.0 = Release|Any CPU
		{9750A98A-94B9-4001-8BB2-468A3788C448}.Release|ARM.Deploy.0 = Release|Any CPU
		{9750A98A-94B9-4001-8BB2-468A3788C448}.Release|iPhone.ActiveCfg = Release|Any CPU
		{9750A98A-94B9-4001-8BB2-468A3788C448}.Release|iPhone.Build.0 = Release|Any CPU
		{9750A98A-94B9-4001-8BB2-468A3788C448}.Release|iPhone.Deploy.0 = Release|Any CPU
		{9750A98A-94B9-4001-8BB2-468A3788C448}.Release|iPhoneSimulator.ActiveCfg = Release|Any CPU
		{9750A98A-94B9-4001-8BB2-468A3788C448}.Release|iPhoneSimulator.Build.0 = Release|Any CPU
		{9750A98A-94B9-4001-8BB2-468A3788C448}.Release|iPhoneSimulator.Deploy.0 = Release|Any CPU
		{9750A98A-94B9-4001-8BB2-468A3788C448}.Release|x64.ActiveCfg = Release|Any CPU
		{9750A98A-94B9-4001-8BB2-468A3788C448}.Release|x64.Build.0 = Release|Any CPU
		{9750A98A-94B9-4001-8BB2-468A3788C448}.Release|x64.Deploy.0 = Release|Any CPU
		{9750A98A-94B9-4001-8BB2-468A3788C448}.Release|x86.ActiveCfg = Release|Any CPU
		{9750A98A-94B9-4001-8BB2-468A3788C448}.Release|x86.Build.0 = Release|Any CPU
		{9750A98A-94B9-4001-8BB2-468A3788C448}.Release|x86.Deploy.0 = Release|Any CPU
		{51296AC7-6C7F-4714-ADC0-221EA28438A3}.Ad-Hoc|Any CPU.ActiveCfg = Ad-Hoc|iPhone
		{51296AC7-6C7F-4714-ADC0-221EA28438A3}.Ad-Hoc|ARM.ActiveCfg = Ad-Hoc|iPhone
		{51296AC7-6C7F-4714-ADC0-221EA28438A3}.Ad-Hoc|iPhone.ActiveCfg = Ad-Hoc|iPhone
		{51296AC7-6C7F-4714-ADC0-221EA28438A3}.Ad-Hoc|iPhone.Build.0 = Ad-Hoc|iPhone
		{51296AC7-6C7F-4714-ADC0-221EA28438A3}.Ad-Hoc|iPhoneSimulator.ActiveCfg = Ad-Hoc|iPhoneSimulator
		{51296AC7-6C7F-4714-ADC0-221EA28438A3}.Ad-Hoc|iPhoneSimulator.Build.0 = Ad-Hoc|iPhoneSimulator
		{51296AC7-6C7F-4714-ADC0-221EA28438A3}.Ad-Hoc|x64.ActiveCfg = Ad-Hoc|iPhone
		{51296AC7-6C7F-4714-ADC0-221EA28438A3}.Ad-Hoc|x86.ActiveCfg = Ad-Hoc|iPhone
		{51296AC7-6C7F-4714-ADC0-221EA28438A3}.AppStore|Any CPU.ActiveCfg = AppStore|iPhone
		{51296AC7-6C7F-4714-ADC0-221EA28438A3}.AppStore|ARM.ActiveCfg = AppStore|iPhone
		{51296AC7-6C7F-4714-ADC0-221EA28438A3}.AppStore|iPhone.ActiveCfg = AppStore|iPhone
		{51296AC7-6C7F-4714-ADC0-221EA28438A3}.AppStore|iPhone.Build.0 = AppStore|iPhone
		{51296AC7-6C7F-4714-ADC0-221EA28438A3}.AppStore|iPhoneSimulator.ActiveCfg = AppStore|iPhoneSimulator
		{51296AC7-6C7F-4714-ADC0-221EA28438A3}.AppStore|iPhoneSimulator.Build.0 = AppStore|iPhoneSimulator
		{51296AC7-6C7F-4714-ADC0-221EA28438A3}.AppStore|x64.ActiveCfg = AppStore|iPhone
		{51296AC7-6C7F-4714-ADC0-221EA28438A3}.AppStore|x86.ActiveCfg = AppStore|iPhone
		{51296AC7-6C7F-4714-ADC0-221EA28438A3}.Debug|Any CPU.ActiveCfg = Debug|iPhone
		{51296AC7-6C7F-4714-ADC0-221EA28438A3}.Debug|ARM.ActiveCfg = Debug|iPhone
		{51296AC7-6C7F-4714-ADC0-221EA28438A3}.Debug|iPhone.ActiveCfg = Debug|iPhone
		{51296AC7-6C7F-4714-ADC0-221EA28438A3}.Debug|iPhone.Build.0 = Debug|iPhone
		{51296AC7-6C7F-4714-ADC0-221EA28438A3}.Debug|iPhoneSimulator.ActiveCfg = Debug|iPhoneSimulator
		{51296AC7-6C7F-4714-ADC0-221EA28438A3}.Debug|iPhoneSimulator.Build.0 = Debug|iPhoneSimulator
		{51296AC7-6C7F-4714-ADC0-221EA28438A3}.Debug|x64.ActiveCfg = Debug|iPhone
		{51296AC7-6C7F-4714-ADC0-221EA28438A3}.Debug|x86.ActiveCfg = Debug|iPhone
		{51296AC7-6C7F-4714-ADC0-221EA28438A3}.Release|Any CPU.ActiveCfg = Release|iPhone
		{51296AC7-6C7F-4714-ADC0-221EA28438A3}.Release|ARM.ActiveCfg = Release|iPhone
		{51296AC7-6C7F-4714-ADC0-221EA28438A3}.Release|iPhone.ActiveCfg = Release|iPhone
		{51296AC7-6C7F-4714-ADC0-221EA28438A3}.Release|iPhone.Build.0 = Release|iPhone
		{51296AC7-6C7F-4714-ADC0-221EA28438A3}.Release|iPhoneSimulator.ActiveCfg = Release|iPhoneSimulator
		{51296AC7-6C7F-4714-ADC0-221EA28438A3}.Release|iPhoneSimulator.Build.0 = Release|iPhoneSimulator
		{51296AC7-6C7F-4714-ADC0-221EA28438A3}.Release|x64.ActiveCfg = Release|iPhone
		{51296AC7-6C7F-4714-ADC0-221EA28438A3}.Release|x86.ActiveCfg = Release|iPhone
		{F0E7B6E8-7829-4BC0-8C4B-E73F2C0304ED}.Ad-Hoc|Any CPU.ActiveCfg = Release|Any CPU
		{F0E7B6E8-7829-4BC0-8C4B-E73F2C0304ED}.Ad-Hoc|Any CPU.Build.0 = Release|Any CPU
		{F0E7B6E8-7829-4BC0-8C4B-E73F2C0304ED}.Ad-Hoc|Any CPU.Deploy.0 = Release|Any CPU
		{F0E7B6E8-7829-4BC0-8C4B-E73F2C0304ED}.Ad-Hoc|ARM.ActiveCfg = Release|ARM
		{F0E7B6E8-7829-4BC0-8C4B-E73F2C0304ED}.Ad-Hoc|ARM.Build.0 = Release|ARM
		{F0E7B6E8-7829-4BC0-8C4B-E73F2C0304ED}.Ad-Hoc|ARM.Deploy.0 = Release|ARM
		{F0E7B6E8-7829-4BC0-8C4B-E73F2C0304ED}.Ad-Hoc|iPhone.ActiveCfg = Release|Any CPU
		{F0E7B6E8-7829-4BC0-8C4B-E73F2C0304ED}.Ad-Hoc|iPhone.Build.0 = Release|Any CPU
		{F0E7B6E8-7829-4BC0-8C4B-E73F2C0304ED}.Ad-Hoc|iPhone.Deploy.0 = Release|Any CPU
		{F0E7B6E8-7829-4BC0-8C4B-E73F2C0304ED}.Ad-Hoc|iPhoneSimulator.ActiveCfg = Release|Any CPU
		{F0E7B6E8-7829-4BC0-8C4B-E73F2C0304ED}.Ad-Hoc|iPhoneSimulator.Build.0 = Release|Any CPU
		{F0E7B6E8-7829-4BC0-8C4B-E73F2C0304ED}.Ad-Hoc|iPhoneSimulator.Deploy.0 = Release|Any CPU
		{F0E7B6E8-7829-4BC0-8C4B-E73F2C0304ED}.Ad-Hoc|x64.ActiveCfg = Release|Any CPU
		{F0E7B6E8-7829-4BC0-8C4B-E73F2C0304ED}.Ad-Hoc|x64.Build.0 = Release|Any CPU
		{F0E7B6E8-7829-4BC0-8C4B-E73F2C0304ED}.Ad-Hoc|x64.Deploy.0 = Release|Any CPU
		{F0E7B6E8-7829-4BC0-8C4B-E73F2C0304ED}.Ad-Hoc|x86.ActiveCfg = Release|x86
		{F0E7B6E8-7829-4BC0-8C4B-E73F2C0304ED}.Ad-Hoc|x86.Build.0 = Release|x86
		{F0E7B6E8-7829-4BC0-8C4B-E73F2C0304ED}.Ad-Hoc|x86.Deploy.0 = Release|x86
		{F0E7B6E8-7829-4BC0-8C4B-E73F2C0304ED}.AppStore|Any CPU.ActiveCfg = Release|Any CPU
		{F0E7B6E8-7829-4BC0-8C4B-E73F2C0304ED}.AppStore|Any CPU.Build.0 = Release|Any CPU
		{F0E7B6E8-7829-4BC0-8C4B-E73F2C0304ED}.AppStore|Any CPU.Deploy.0 = Release|Any CPU
		{F0E7B6E8-7829-4BC0-8C4B-E73F2C0304ED}.AppStore|ARM.ActiveCfg = Release|ARM
		{F0E7B6E8-7829-4BC0-8C4B-E73F2C0304ED}.AppStore|ARM.Build.0 = Release|ARM
		{F0E7B6E8-7829-4BC0-8C4B-E73F2C0304ED}.AppStore|ARM.Deploy.0 = Release|ARM
		{F0E7B6E8-7829-4BC0-8C4B-E73F2C0304ED}.AppStore|iPhone.ActiveCfg = Release|Any CPU
		{F0E7B6E8-7829-4BC0-8C4B-E73F2C0304ED}.AppStore|iPhone.Build.0 = Release|Any CPU
		{F0E7B6E8-7829-4BC0-8C4B-E73F2C0304ED}.AppStore|iPhone.Deploy.0 = Release|Any CPU
		{F0E7B6E8-7829-4BC0-8C4B-E73F2C0304ED}.AppStore|iPhoneSimulator.ActiveCfg = Release|Any CPU
		{F0E7B6E8-7829-4BC0-8C4B-E73F2C0304ED}.AppStore|iPhoneSimulator.Build.0 = Release|Any CPU
		{F0E7B6E8-7829-4BC0-8C4B-E73F2C0304ED}.AppStore|iPhoneSimulator.Deploy.0 = Release|Any CPU
		{F0E7B6E8-7829-4BC0-8C4B-E73F2C0304ED}.AppStore|x64.ActiveCfg = Release|Any CPU
		{F0E7B6E8-7829-4BC0-8C4B-E73F2C0304ED}.AppStore|x64.Build.0 = Release|Any CPU
		{F0E7B6E8-7829-4BC0-8C4B-E73F2C0304ED}.AppStore|x64.Deploy.0 = Release|Any CPU
		{F0E7B6E8-7829-4BC0-8C4B-E73F2C0304ED}.AppStore|x86.ActiveCfg = Release|x86
		{F0E7B6E8-7829-4BC0-8C4B-E73F2C0304ED}.AppStore|x86.Build.0 = Release|x86
		{F0E7B6E8-7829-4BC0-8C4B-E73F2C0304ED}.AppStore|x86.Deploy.0 = Release|x86
		{F0E7B6E8-7829-4BC0-8C4B-E73F2C0304ED}.Debug|Any CPU.ActiveCfg = Debug|Any CPU
		{F0E7B6E8-7829-4BC0-8C4B-E73F2C0304ED}.Debug|Any CPU.Build.0 = Debug|Any CPU
		{F0E7B6E8-7829-4BC0-8C4B-E73F2C0304ED}.Debug|Any CPU.Deploy.0 = Debug|Any CPU
		{F0E7B6E8-7829-4BC0-8C4B-E73F2C0304ED}.Debug|ARM.ActiveCfg = Debug|ARM
		{F0E7B6E8-7829-4BC0-8C4B-E73F2C0304ED}.Debug|ARM.Build.0 = Debug|ARM
		{F0E7B6E8-7829-4BC0-8C4B-E73F2C0304ED}.Debug|ARM.Deploy.0 = Debug|ARM
		{F0E7B6E8-7829-4BC0-8C4B-E73F2C0304ED}.Debug|iPhone.ActiveCfg = Debug|Any CPU
		{F0E7B6E8-7829-4BC0-8C4B-E73F2C0304ED}.Debug|iPhone.Build.0 = Debug|Any CPU
		{F0E7B6E8-7829-4BC0-8C4B-E73F2C0304ED}.Debug|iPhone.Deploy.0 = Debug|Any CPU
		{F0E7B6E8-7829-4BC0-8C4B-E73F2C0304ED}.Debug|iPhoneSimulator.ActiveCfg = Debug|Any CPU
		{F0E7B6E8-7829-4BC0-8C4B-E73F2C0304ED}.Debug|iPhoneSimulator.Build.0 = Debug|Any CPU
		{F0E7B6E8-7829-4BC0-8C4B-E73F2C0304ED}.Debug|iPhoneSimulator.Deploy.0 = Debug|Any CPU
		{F0E7B6E8-7829-4BC0-8C4B-E73F2C0304ED}.Debug|x64.ActiveCfg = Debug|Any CPU
		{F0E7B6E8-7829-4BC0-8C4B-E73F2C0304ED}.Debug|x64.Build.0 = Debug|Any CPU
		{F0E7B6E8-7829-4BC0-8C4B-E73F2C0304ED}.Debug|x64.Deploy.0 = Debug|Any CPU
		{F0E7B6E8-7829-4BC0-8C4B-E73F2C0304ED}.Debug|x86.ActiveCfg = Debug|x86
		{F0E7B6E8-7829-4BC0-8C4B-E73F2C0304ED}.Debug|x86.Build.0 = Debug|x86
		{F0E7B6E8-7829-4BC0-8C4B-E73F2C0304ED}.Debug|x86.Deploy.0 = Debug|x86
		{F0E7B6E8-7829-4BC0-8C4B-E73F2C0304ED}.Release|Any CPU.ActiveCfg = Release|Any CPU
		{F0E7B6E8-7829-4BC0-8C4B-E73F2C0304ED}.Release|Any CPU.Build.0 = Release|Any CPU
		{F0E7B6E8-7829-4BC0-8C4B-E73F2C0304ED}.Release|Any CPU.Deploy.0 = Release|Any CPU
		{F0E7B6E8-7829-4BC0-8C4B-E73F2C0304ED}.Release|ARM.ActiveCfg = Release|ARM
		{F0E7B6E8-7829-4BC0-8C4B-E73F2C0304ED}.Release|ARM.Build.0 = Release|ARM
		{F0E7B6E8-7829-4BC0-8C4B-E73F2C0304ED}.Release|ARM.Deploy.0 = Release|ARM
		{F0E7B6E8-7829-4BC0-8C4B-E73F2C0304ED}.Release|iPhone.ActiveCfg = Release|Any CPU
		{F0E7B6E8-7829-4BC0-8C4B-E73F2C0304ED}.Release|iPhone.Build.0 = Release|Any CPU
		{F0E7B6E8-7829-4BC0-8C4B-E73F2C0304ED}.Release|iPhone.Deploy.0 = Release|Any CPU
		{F0E7B6E8-7829-4BC0-8C4B-E73F2C0304ED}.Release|iPhoneSimulator.ActiveCfg = Release|Any CPU
		{F0E7B6E8-7829-4BC0-8C4B-E73F2C0304ED}.Release|iPhoneSimulator.Build.0 = Release|Any CPU
		{F0E7B6E8-7829-4BC0-8C4B-E73F2C0304ED}.Release|iPhoneSimulator.Deploy.0 = Release|Any CPU
		{F0E7B6E8-7829-4BC0-8C4B-E73F2C0304ED}.Release|x64.ActiveCfg = Release|Any CPU
		{F0E7B6E8-7829-4BC0-8C4B-E73F2C0304ED}.Release|x64.Build.0 = Release|Any CPU
		{F0E7B6E8-7829-4BC0-8C4B-E73F2C0304ED}.Release|x64.Deploy.0 = Release|Any CPU
		{F0E7B6E8-7829-4BC0-8C4B-E73F2C0304ED}.Release|x86.ActiveCfg = Release|x86
		{F0E7B6E8-7829-4BC0-8C4B-E73F2C0304ED}.Release|x86.Build.0 = Release|x86
		{F0E7B6E8-7829-4BC0-8C4B-E73F2C0304ED}.Release|x86.Deploy.0 = Release|x86
		{8CE1B46C-F042-4B20-A630-0F1F1D526586}.Ad-Hoc|Any CPU.ActiveCfg = Release|Any CPU
		{8CE1B46C-F042-4B20-A630-0F1F1D526586}.Ad-Hoc|Any CPU.Build.0 = Release|Any CPU
		{8CE1B46C-F042-4B20-A630-0F1F1D526586}.Ad-Hoc|Any CPU.Deploy.0 = Release|Any CPU
		{8CE1B46C-F042-4B20-A630-0F1F1D526586}.Ad-Hoc|ARM.ActiveCfg = Release|ARM
		{8CE1B46C-F042-4B20-A630-0F1F1D526586}.Ad-Hoc|ARM.Build.0 = Release|ARM
		{8CE1B46C-F042-4B20-A630-0F1F1D526586}.Ad-Hoc|ARM.Deploy.0 = Release|ARM
		{8CE1B46C-F042-4B20-A630-0F1F1D526586}.Ad-Hoc|iPhone.ActiveCfg = Release|Any CPU
		{8CE1B46C-F042-4B20-A630-0F1F1D526586}.Ad-Hoc|iPhone.Build.0 = Release|Any CPU
		{8CE1B46C-F042-4B20-A630-0F1F1D526586}.Ad-Hoc|iPhone.Deploy.0 = Release|Any CPU
		{8CE1B46C-F042-4B20-A630-0F1F1D526586}.Ad-Hoc|iPhoneSimulator.ActiveCfg = Release|Any CPU
		{8CE1B46C-F042-4B20-A630-0F1F1D526586}.Ad-Hoc|iPhoneSimulator.Build.0 = Release|Any CPU
		{8CE1B46C-F042-4B20-A630-0F1F1D526586}.Ad-Hoc|iPhoneSimulator.Deploy.0 = Release|Any CPU
		{8CE1B46C-F042-4B20-A630-0F1F1D526586}.Ad-Hoc|x64.ActiveCfg = Release|x64
		{8CE1B46C-F042-4B20-A630-0F1F1D526586}.Ad-Hoc|x64.Build.0 = Release|x64
		{8CE1B46C-F042-4B20-A630-0F1F1D526586}.Ad-Hoc|x64.Deploy.0 = Release|x64
		{8CE1B46C-F042-4B20-A630-0F1F1D526586}.Ad-Hoc|x86.ActiveCfg = Release|x86
		{8CE1B46C-F042-4B20-A630-0F1F1D526586}.Ad-Hoc|x86.Build.0 = Release|x86
		{8CE1B46C-F042-4B20-A630-0F1F1D526586}.Ad-Hoc|x86.Deploy.0 = Release|x86
		{8CE1B46C-F042-4B20-A630-0F1F1D526586}.AppStore|Any CPU.ActiveCfg = Release|Any CPU
		{8CE1B46C-F042-4B20-A630-0F1F1D526586}.AppStore|Any CPU.Build.0 = Release|Any CPU
		{8CE1B46C-F042-4B20-A630-0F1F1D526586}.AppStore|Any CPU.Deploy.0 = Release|Any CPU
		{8CE1B46C-F042-4B20-A630-0F1F1D526586}.AppStore|ARM.ActiveCfg = Release|ARM
		{8CE1B46C-F042-4B20-A630-0F1F1D526586}.AppStore|ARM.Build.0 = Release|ARM
		{8CE1B46C-F042-4B20-A630-0F1F1D526586}.AppStore|ARM.Deploy.0 = Release|ARM
		{8CE1B46C-F042-4B20-A630-0F1F1D526586}.AppStore|iPhone.ActiveCfg = Release|Any CPU
		{8CE1B46C-F042-4B20-A630-0F1F1D526586}.AppStore|iPhone.Build.0 = Release|Any CPU
		{8CE1B46C-F042-4B20-A630-0F1F1D526586}.AppStore|iPhone.Deploy.0 = Release|Any CPU
		{8CE1B46C-F042-4B20-A630-0F1F1D526586}.AppStore|iPhoneSimulator.ActiveCfg = Release|Any CPU
		{8CE1B46C-F042-4B20-A630-0F1F1D526586}.AppStore|iPhoneSimulator.Build.0 = Release|Any CPU
		{8CE1B46C-F042-4B20-A630-0F1F1D526586}.AppStore|iPhoneSimulator.Deploy.0 = Release|Any CPU
		{8CE1B46C-F042-4B20-A630-0F1F1D526586}.AppStore|x64.ActiveCfg = Release|x64
		{8CE1B46C-F042-4B20-A630-0F1F1D526586}.AppStore|x64.Build.0 = Release|x64
		{8CE1B46C-F042-4B20-A630-0F1F1D526586}.AppStore|x64.Deploy.0 = Release|x64
		{8CE1B46C-F042-4B20-A630-0F1F1D526586}.AppStore|x86.ActiveCfg = Release|x86
		{8CE1B46C-F042-4B20-A630-0F1F1D526586}.AppStore|x86.Build.0 = Release|x86
		{8CE1B46C-F042-4B20-A630-0F1F1D526586}.AppStore|x86.Deploy.0 = Release|x86
		{8CE1B46C-F042-4B20-A630-0F1F1D526586}.Debug|Any CPU.ActiveCfg = Debug|Any CPU
		{8CE1B46C-F042-4B20-A630-0F1F1D526586}.Debug|Any CPU.Build.0 = Debug|Any CPU
		{8CE1B46C-F042-4B20-A630-0F1F1D526586}.Debug|Any CPU.Deploy.0 = Debug|Any CPU
		{8CE1B46C-F042-4B20-A630-0F1F1D526586}.Debug|ARM.ActiveCfg = Debug|ARM
		{8CE1B46C-F042-4B20-A630-0F1F1D526586}.Debug|ARM.Build.0 = Debug|ARM
		{8CE1B46C-F042-4B20-A630-0F1F1D526586}.Debug|ARM.Deploy.0 = Debug|ARM
		{8CE1B46C-F042-4B20-A630-0F1F1D526586}.Debug|iPhone.ActiveCfg = Debug|Any CPU
		{8CE1B46C-F042-4B20-A630-0F1F1D526586}.Debug|iPhone.Build.0 = Debug|Any CPU
		{8CE1B46C-F042-4B20-A630-0F1F1D526586}.Debug|iPhone.Deploy.0 = Debug|Any CPU
		{8CE1B46C-F042-4B20-A630-0F1F1D526586}.Debug|iPhoneSimulator.ActiveCfg = Debug|Any CPU
		{8CE1B46C-F042-4B20-A630-0F1F1D526586}.Debug|iPhoneSimulator.Build.0 = Debug|Any CPU
		{8CE1B46C-F042-4B20-A630-0F1F1D526586}.Debug|iPhoneSimulator.Deploy.0 = Debug|Any CPU
		{8CE1B46C-F042-4B20-A630-0F1F1D526586}.Debug|x64.ActiveCfg = Debug|x64
		{8CE1B46C-F042-4B20-A630-0F1F1D526586}.Debug|x64.Build.0 = Debug|x64
		{8CE1B46C-F042-4B20-A630-0F1F1D526586}.Debug|x64.Deploy.0 = Debug|x64
		{8CE1B46C-F042-4B20-A630-0F1F1D526586}.Debug|x86.ActiveCfg = Debug|x86
		{8CE1B46C-F042-4B20-A630-0F1F1D526586}.Debug|x86.Build.0 = Debug|x86
		{8CE1B46C-F042-4B20-A630-0F1F1D526586}.Debug|x86.Deploy.0 = Debug|x86
		{8CE1B46C-F042-4B20-A630-0F1F1D526586}.Release|Any CPU.ActiveCfg = Release|Any CPU
		{8CE1B46C-F042-4B20-A630-0F1F1D526586}.Release|Any CPU.Build.0 = Release|Any CPU
		{8CE1B46C-F042-4B20-A630-0F1F1D526586}.Release|Any CPU.Deploy.0 = Release|Any CPU
		{8CE1B46C-F042-4B20-A630-0F1F1D526586}.Release|ARM.ActiveCfg = Release|ARM
		{8CE1B46C-F042-4B20-A630-0F1F1D526586}.Release|ARM.Build.0 = Release|ARM
		{8CE1B46C-F042-4B20-A630-0F1F1D526586}.Release|ARM.Deploy.0 = Release|ARM
		{8CE1B46C-F042-4B20-A630-0F1F1D526586}.Release|iPhone.ActiveCfg = Release|Any CPU
		{8CE1B46C-F042-4B20-A630-0F1F1D526586}.Release|iPhone.Build.0 = Release|Any CPU
		{8CE1B46C-F042-4B20-A630-0F1F1D526586}.Release|iPhone.Deploy.0 = Release|Any CPU
		{8CE1B46C-F042-4B20-A630-0F1F1D526586}.Release|iPhoneSimulator.ActiveCfg = Release|Any CPU
		{8CE1B46C-F042-4B20-A630-0F1F1D526586}.Release|iPhoneSimulator.Build.0 = Release|Any CPU
		{8CE1B46C-F042-4B20-A630-0F1F1D526586}.Release|iPhoneSimulator.Deploy.0 = Release|Any CPU
		{8CE1B46C-F042-4B20-A630-0F1F1D526586}.Release|x64.ActiveCfg = Release|x64
		{8CE1B46C-F042-4B20-A630-0F1F1D526586}.Release|x64.Build.0 = Release|x64
		{8CE1B46C-F042-4B20-A630-0F1F1D526586}.Release|x64.Deploy.0 = Release|x64
		{8CE1B46C-F042-4B20-A630-0F1F1D526586}.Release|x86.ActiveCfg = Release|x86
		{8CE1B46C-F042-4B20-A630-0F1F1D526586}.Release|x86.Build.0 = Release|x86
		{8CE1B46C-F042-4B20-A630-0F1F1D526586}.Release|x86.Deploy.0 = Release|x86
		{B6D2CF7D-82E3-45F9-8387-A4FA29DD0079}.Ad-Hoc|Any CPU.ActiveCfg = Release|Any CPU
		{B6D2CF7D-82E3-45F9-8387-A4FA29DD0079}.Ad-Hoc|Any CPU.Build.0 = Release|Any CPU
		{B6D2CF7D-82E3-45F9-8387-A4FA29DD0079}.Ad-Hoc|ARM.ActiveCfg = Release|Any CPU
		{B6D2CF7D-82E3-45F9-8387-A4FA29DD0079}.Ad-Hoc|ARM.Build.0 = Release|Any CPU
		{B6D2CF7D-82E3-45F9-8387-A4FA29DD0079}.Ad-Hoc|iPhone.ActiveCfg = Release|Any CPU
		{B6D2CF7D-82E3-45F9-8387-A4FA29DD0079}.Ad-Hoc|iPhone.Build.0 = Release|Any CPU
		{B6D2CF7D-82E3-45F9-8387-A4FA29DD0079}.Ad-Hoc|iPhoneSimulator.ActiveCfg = Release|Any CPU
		{B6D2CF7D-82E3-45F9-8387-A4FA29DD0079}.Ad-Hoc|iPhoneSimulator.Build.0 = Release|Any CPU
		{B6D2CF7D-82E3-45F9-8387-A4FA29DD0079}.Ad-Hoc|x64.ActiveCfg = Release|Any CPU
		{B6D2CF7D-82E3-45F9-8387-A4FA29DD0079}.Ad-Hoc|x64.Build.0 = Release|Any CPU
		{B6D2CF7D-82E3-45F9-8387-A4FA29DD0079}.Ad-Hoc|x86.ActiveCfg = Release|Any CPU
		{B6D2CF7D-82E3-45F9-8387-A4FA29DD0079}.Ad-Hoc|x86.Build.0 = Release|Any CPU
		{B6D2CF7D-82E3-45F9-8387-A4FA29DD0079}.AppStore|Any CPU.ActiveCfg = Release|Any CPU
		{B6D2CF7D-82E3-45F9-8387-A4FA29DD0079}.AppStore|Any CPU.Build.0 = Release|Any CPU
		{B6D2CF7D-82E3-45F9-8387-A4FA29DD0079}.AppStore|ARM.ActiveCfg = Release|Any CPU
		{B6D2CF7D-82E3-45F9-8387-A4FA29DD0079}.AppStore|ARM.Build.0 = Release|Any CPU
		{B6D2CF7D-82E3-45F9-8387-A4FA29DD0079}.AppStore|iPhone.ActiveCfg = Release|Any CPU
		{B6D2CF7D-82E3-45F9-8387-A4FA29DD0079}.AppStore|iPhone.Build.0 = Release|Any CPU
		{B6D2CF7D-82E3-45F9-8387-A4FA29DD0079}.AppStore|iPhoneSimulator.ActiveCfg = Release|Any CPU
		{B6D2CF7D-82E3-45F9-8387-A4FA29DD0079}.AppStore|iPhoneSimulator.Build.0 = Release|Any CPU
		{B6D2CF7D-82E3-45F9-8387-A4FA29DD0079}.AppStore|x64.ActiveCfg = Release|Any CPU
		{B6D2CF7D-82E3-45F9-8387-A4FA29DD0079}.AppStore|x64.Build.0 = Release|Any CPU
		{B6D2CF7D-82E3-45F9-8387-A4FA29DD0079}.AppStore|x86.ActiveCfg = Release|Any CPU
		{B6D2CF7D-82E3-45F9-8387-A4FA29DD0079}.AppStore|x86.Build.0 = Release|Any CPU
		{B6D2CF7D-82E3-45F9-8387-A4FA29DD0079}.Debug|Any CPU.ActiveCfg = Debug|Any CPU
		{B6D2CF7D-82E3-45F9-8387-A4FA29DD0079}.Debug|Any CPU.Build.0 = Debug|Any CPU
		{B6D2CF7D-82E3-45F9-8387-A4FA29DD0079}.Debug|ARM.ActiveCfg = Debug|Any CPU
		{B6D2CF7D-82E3-45F9-8387-A4FA29DD0079}.Debug|ARM.Build.0 = Debug|Any CPU
		{B6D2CF7D-82E3-45F9-8387-A4FA29DD0079}.Debug|iPhone.ActiveCfg = Debug|Any CPU
		{B6D2CF7D-82E3-45F9-8387-A4FA29DD0079}.Debug|iPhone.Build.0 = Debug|Any CPU
		{B6D2CF7D-82E3-45F9-8387-A4FA29DD0079}.Debug|iPhoneSimulator.ActiveCfg = Debug|Any CPU
		{B6D2CF7D-82E3-45F9-8387-A4FA29DD0079}.Debug|iPhoneSimulator.Build.0 = Debug|Any CPU
		{B6D2CF7D-82E3-45F9-8387-A4FA29DD0079}.Debug|x64.ActiveCfg = Debug|Any CPU
		{B6D2CF7D-82E3-45F9-8387-A4FA29DD0079}.Debug|x64.Build.0 = Debug|Any CPU
		{B6D2CF7D-82E3-45F9-8387-A4FA29DD0079}.Debug|x86.ActiveCfg = Debug|Any CPU
		{B6D2CF7D-82E3-45F9-8387-A4FA29DD0079}.Debug|x86.Build.0 = Debug|Any CPU
		{B6D2CF7D-82E3-45F9-8387-A4FA29DD0079}.Release|Any CPU.ActiveCfg = Release|Any CPU
		{B6D2CF7D-82E3-45F9-8387-A4FA29DD0079}.Release|Any CPU.Build.0 = Release|Any CPU
		{B6D2CF7D-82E3-45F9-8387-A4FA29DD0079}.Release|ARM.ActiveCfg = Release|Any CPU
		{B6D2CF7D-82E3-45F9-8387-A4FA29DD0079}.Release|ARM.Build.0 = Release|Any CPU
		{B6D2CF7D-82E3-45F9-8387-A4FA29DD0079}.Release|iPhone.ActiveCfg = Release|Any CPU
		{B6D2CF7D-82E3-45F9-8387-A4FA29DD0079}.Release|iPhone.Build.0 = Release|Any CPU
		{B6D2CF7D-82E3-45F9-8387-A4FA29DD0079}.Release|iPhoneSimulator.ActiveCfg = Release|Any CPU
		{B6D2CF7D-82E3-45F9-8387-A4FA29DD0079}.Release|iPhoneSimulator.Build.0 = Release|Any CPU
		{B6D2CF7D-82E3-45F9-8387-A4FA29DD0079}.Release|x64.ActiveCfg = Release|Any CPU
		{B6D2CF7D-82E3-45F9-8387-A4FA29DD0079}.Release|x64.Build.0 = Release|Any CPU
		{B6D2CF7D-82E3-45F9-8387-A4FA29DD0079}.Release|x86.ActiveCfg = Release|Any CPU
		{B6D2CF7D-82E3-45F9-8387-A4FA29DD0079}.Release|x86.Build.0 = Release|Any CPU
		{67F9D3A8-F71E-4428-913F-C37AE82CDB24}.Ad-Hoc|Any CPU.ActiveCfg = Release|Any CPU
		{67F9D3A8-F71E-4428-913F-C37AE82CDB24}.Ad-Hoc|Any CPU.Build.0 = Release|Any CPU
		{67F9D3A8-F71E-4428-913F-C37AE82CDB24}.Ad-Hoc|ARM.ActiveCfg = Release|Any CPU
		{67F9D3A8-F71E-4428-913F-C37AE82CDB24}.Ad-Hoc|ARM.Build.0 = Release|Any CPU
		{67F9D3A8-F71E-4428-913F-C37AE82CDB24}.Ad-Hoc|iPhone.ActiveCfg = Release|Any CPU
		{67F9D3A8-F71E-4428-913F-C37AE82CDB24}.Ad-Hoc|iPhone.Build.0 = Release|Any CPU
		{67F9D3A8-F71E-4428-913F-C37AE82CDB24}.Ad-Hoc|iPhoneSimulator.ActiveCfg = Release|Any CPU
		{67F9D3A8-F71E-4428-913F-C37AE82CDB24}.Ad-Hoc|iPhoneSimulator.Build.0 = Release|Any CPU
		{67F9D3A8-F71E-4428-913F-C37AE82CDB24}.Ad-Hoc|x64.ActiveCfg = Release|Any CPU
		{67F9D3A8-F71E-4428-913F-C37AE82CDB24}.Ad-Hoc|x64.Build.0 = Release|Any CPU
		{67F9D3A8-F71E-4428-913F-C37AE82CDB24}.Ad-Hoc|x86.ActiveCfg = Release|Any CPU
		{67F9D3A8-F71E-4428-913F-C37AE82CDB24}.Ad-Hoc|x86.Build.0 = Release|Any CPU
		{67F9D3A8-F71E-4428-913F-C37AE82CDB24}.AppStore|Any CPU.ActiveCfg = Release|Any CPU
		{67F9D3A8-F71E-4428-913F-C37AE82CDB24}.AppStore|Any CPU.Build.0 = Release|Any CPU
		{67F9D3A8-F71E-4428-913F-C37AE82CDB24}.AppStore|ARM.ActiveCfg = Release|Any CPU
		{67F9D3A8-F71E-4428-913F-C37AE82CDB24}.AppStore|ARM.Build.0 = Release|Any CPU
		{67F9D3A8-F71E-4428-913F-C37AE82CDB24}.AppStore|iPhone.ActiveCfg = Release|Any CPU
		{67F9D3A8-F71E-4428-913F-C37AE82CDB24}.AppStore|iPhone.Build.0 = Release|Any CPU
		{67F9D3A8-F71E-4428-913F-C37AE82CDB24}.AppStore|iPhoneSimulator.ActiveCfg = Release|Any CPU
		{67F9D3A8-F71E-4428-913F-C37AE82CDB24}.AppStore|iPhoneSimulator.Build.0 = Release|Any CPU
		{67F9D3A8-F71E-4428-913F-C37AE82CDB24}.AppStore|x64.ActiveCfg = Release|Any CPU
		{67F9D3A8-F71E-4428-913F-C37AE82CDB24}.AppStore|x64.Build.0 = Release|Any CPU
		{67F9D3A8-F71E-4428-913F-C37AE82CDB24}.AppStore|x86.ActiveCfg = Release|Any CPU
		{67F9D3A8-F71E-4428-913F-C37AE82CDB24}.AppStore|x86.Build.0 = Release|Any CPU
		{67F9D3A8-F71E-4428-913F-C37AE82CDB24}.Debug|Any CPU.ActiveCfg = Debug|Any CPU
		{67F9D3A8-F71E-4428-913F-C37AE82CDB24}.Debug|Any CPU.Build.0 = Debug|Any CPU
		{67F9D3A8-F71E-4428-913F-C37AE82CDB24}.Debug|ARM.ActiveCfg = Debug|Any CPU
		{67F9D3A8-F71E-4428-913F-C37AE82CDB24}.Debug|ARM.Build.0 = Debug|Any CPU
		{67F9D3A8-F71E-4428-913F-C37AE82CDB24}.Debug|iPhone.ActiveCfg = Debug|Any CPU
		{67F9D3A8-F71E-4428-913F-C37AE82CDB24}.Debug|iPhone.Build.0 = Debug|Any CPU
		{67F9D3A8-F71E-4428-913F-C37AE82CDB24}.Debug|iPhoneSimulator.ActiveCfg = Debug|Any CPU
		{67F9D3A8-F71E-4428-913F-C37AE82CDB24}.Debug|iPhoneSimulator.Build.0 = Debug|Any CPU
		{67F9D3A8-F71E-4428-913F-C37AE82CDB24}.Debug|x64.ActiveCfg = Debug|Any CPU
		{67F9D3A8-F71E-4428-913F-C37AE82CDB24}.Debug|x64.Build.0 = Debug|Any CPU
		{67F9D3A8-F71E-4428-913F-C37AE82CDB24}.Debug|x86.ActiveCfg = Debug|Any CPU
		{67F9D3A8-F71E-4428-913F-C37AE82CDB24}.Debug|x86.Build.0 = Debug|Any CPU
		{67F9D3A8-F71E-4428-913F-C37AE82CDB24}.Release|Any CPU.ActiveCfg = Release|Any CPU
		{67F9D3A8-F71E-4428-913F-C37AE82CDB24}.Release|Any CPU.Build.0 = Release|Any CPU
		{67F9D3A8-F71E-4428-913F-C37AE82CDB24}.Release|ARM.ActiveCfg = Release|Any CPU
		{67F9D3A8-F71E-4428-913F-C37AE82CDB24}.Release|ARM.Build.0 = Release|Any CPU
		{67F9D3A8-F71E-4428-913F-C37AE82CDB24}.Release|iPhone.ActiveCfg = Release|Any CPU
		{67F9D3A8-F71E-4428-913F-C37AE82CDB24}.Release|iPhone.Build.0 = Release|Any CPU
		{67F9D3A8-F71E-4428-913F-C37AE82CDB24}.Release|iPhoneSimulator.ActiveCfg = Release|Any CPU
		{67F9D3A8-F71E-4428-913F-C37AE82CDB24}.Release|iPhoneSimulator.Build.0 = Release|Any CPU
		{67F9D3A8-F71E-4428-913F-C37AE82CDB24}.Release|x64.ActiveCfg = Release|Any CPU
		{67F9D3A8-F71E-4428-913F-C37AE82CDB24}.Release|x64.Build.0 = Release|Any CPU
		{67F9D3A8-F71E-4428-913F-C37AE82CDB24}.Release|x86.ActiveCfg = Release|Any CPU
		{67F9D3A8-F71E-4428-913F-C37AE82CDB24}.Release|x86.Build.0 = Release|Any CPU
		{A56C89FB-3141-414A-B17E-0F4ACFB6611A}.Ad-Hoc|Any CPU.ActiveCfg = Release|Any CPU
		{A56C89FB-3141-414A-B17E-0F4ACFB6611A}.Ad-Hoc|Any CPU.Build.0 = Release|Any CPU
		{A56C89FB-3141-414A-B17E-0F4ACFB6611A}.Ad-Hoc|ARM.ActiveCfg = Release|Any CPU
		{A56C89FB-3141-414A-B17E-0F4ACFB6611A}.Ad-Hoc|ARM.Build.0 = Release|Any CPU
		{A56C89FB-3141-414A-B17E-0F4ACFB6611A}.Ad-Hoc|iPhone.ActiveCfg = Release|Any CPU
		{A56C89FB-3141-414A-B17E-0F4ACFB6611A}.Ad-Hoc|iPhone.Build.0 = Release|Any CPU
		{A56C89FB-3141-414A-B17E-0F4ACFB6611A}.Ad-Hoc|iPhoneSimulator.ActiveCfg = Release|Any CPU
		{A56C89FB-3141-414A-B17E-0F4ACFB6611A}.Ad-Hoc|iPhoneSimulator.Build.0 = Release|Any CPU
		{A56C89FB-3141-414A-B17E-0F4ACFB6611A}.Ad-Hoc|x64.ActiveCfg = Release|Any CPU
		{A56C89FB-3141-414A-B17E-0F4ACFB6611A}.Ad-Hoc|x64.Build.0 = Release|Any CPU
		{A56C89FB-3141-414A-B17E-0F4ACFB6611A}.Ad-Hoc|x86.ActiveCfg = Release|Any CPU
		{A56C89FB-3141-414A-B17E-0F4ACFB6611A}.Ad-Hoc|x86.Build.0 = Release|Any CPU
		{A56C89FB-3141-414A-B17E-0F4ACFB6611A}.AppStore|Any CPU.ActiveCfg = Release|Any CPU
		{A56C89FB-3141-414A-B17E-0F4ACFB6611A}.AppStore|Any CPU.Build.0 = Release|Any CPU
		{A56C89FB-3141-414A-B17E-0F4ACFB6611A}.AppStore|ARM.ActiveCfg = Release|Any CPU
		{A56C89FB-3141-414A-B17E-0F4ACFB6611A}.AppStore|ARM.Build.0 = Release|Any CPU
		{A56C89FB-3141-414A-B17E-0F4ACFB6611A}.AppStore|iPhone.ActiveCfg = Release|Any CPU
		{A56C89FB-3141-414A-B17E-0F4ACFB6611A}.AppStore|iPhone.Build.0 = Release|Any CPU
		{A56C89FB-3141-414A-B17E-0F4ACFB6611A}.AppStore|iPhoneSimulator.ActiveCfg = Release|Any CPU
		{A56C89FB-3141-414A-B17E-0F4ACFB6611A}.AppStore|iPhoneSimulator.Build.0 = Release|Any CPU
		{A56C89FB-3141-414A-B17E-0F4ACFB6611A}.AppStore|x64.ActiveCfg = Release|Any CPU
		{A56C89FB-3141-414A-B17E-0F4ACFB6611A}.AppStore|x64.Build.0 = Release|Any CPU
		{A56C89FB-3141-414A-B17E-0F4ACFB6611A}.AppStore|x86.ActiveCfg = Release|Any CPU
		{A56C89FB-3141-414A-B17E-0F4ACFB6611A}.AppStore|x86.Build.0 = Release|Any CPU
		{A56C89FB-3141-414A-B17E-0F4ACFB6611A}.Debug|Any CPU.ActiveCfg = Debug|Any CPU
		{A56C89FB-3141-414A-B17E-0F4ACFB6611A}.Debug|Any CPU.Build.0 = Debug|Any CPU
		{A56C89FB-3141-414A-B17E-0F4ACFB6611A}.Debug|ARM.ActiveCfg = Debug|Any CPU
		{A56C89FB-3141-414A-B17E-0F4ACFB6611A}.Debug|ARM.Build.0 = Debug|Any CPU
		{A56C89FB-3141-414A-B17E-0F4ACFB6611A}.Debug|iPhone.ActiveCfg = Debug|Any CPU
		{A56C89FB-3141-414A-B17E-0F4ACFB6611A}.Debug|iPhone.Build.0 = Debug|Any CPU
		{A56C89FB-3141-414A-B17E-0F4ACFB6611A}.Debug|iPhoneSimulator.ActiveCfg = Debug|Any CPU
		{A56C89FB-3141-414A-B17E-0F4ACFB6611A}.Debug|iPhoneSimulator.Build.0 = Debug|Any CPU
		{A56C89FB-3141-414A-B17E-0F4ACFB6611A}.Debug|x64.ActiveCfg = Debug|Any CPU
		{A56C89FB-3141-414A-B17E-0F4ACFB6611A}.Debug|x64.Build.0 = Debug|Any CPU
		{A56C89FB-3141-414A-B17E-0F4ACFB6611A}.Debug|x86.ActiveCfg = Debug|Any CPU
		{A56C89FB-3141-414A-B17E-0F4ACFB6611A}.Debug|x86.Build.0 = Debug|Any CPU
		{A56C89FB-3141-414A-B17E-0F4ACFB6611A}.Release|Any CPU.ActiveCfg = Release|Any CPU
		{A56C89FB-3141-414A-B17E-0F4ACFB6611A}.Release|Any CPU.Build.0 = Release|Any CPU
		{A56C89FB-3141-414A-B17E-0F4ACFB6611A}.Release|ARM.ActiveCfg = Release|Any CPU
		{A56C89FB-3141-414A-B17E-0F4ACFB6611A}.Release|ARM.Build.0 = Release|Any CPU
		{A56C89FB-3141-414A-B17E-0F4ACFB6611A}.Release|iPhone.ActiveCfg = Release|Any CPU
		{A56C89FB-3141-414A-B17E-0F4ACFB6611A}.Release|iPhone.Build.0 = Release|Any CPU
		{A56C89FB-3141-414A-B17E-0F4ACFB6611A}.Release|iPhoneSimulator.ActiveCfg = Release|Any CPU
		{A56C89FB-3141-414A-B17E-0F4ACFB6611A}.Release|iPhoneSimulator.Build.0 = Release|Any CPU
		{A56C89FB-3141-414A-B17E-0F4ACFB6611A}.Release|x64.ActiveCfg = Release|Any CPU
		{A56C89FB-3141-414A-B17E-0F4ACFB6611A}.Release|x64.Build.0 = Release|Any CPU
		{A56C89FB-3141-414A-B17E-0F4ACFB6611A}.Release|x86.ActiveCfg = Release|Any CPU
		{A56C89FB-3141-414A-B17E-0F4ACFB6611A}.Release|x86.Build.0 = Release|Any CPU
		{C3B42F45-B144-4644-BB42-65419A60CD29}.Ad-Hoc|Any CPU.ActiveCfg = Release|Any CPU
		{C3B42F45-B144-4644-BB42-65419A60CD29}.Ad-Hoc|Any CPU.Build.0 = Release|Any CPU
		{C3B42F45-B144-4644-BB42-65419A60CD29}.Ad-Hoc|ARM.ActiveCfg = Release|Any CPU
		{C3B42F45-B144-4644-BB42-65419A60CD29}.Ad-Hoc|ARM.Build.0 = Release|Any CPU
		{C3B42F45-B144-4644-BB42-65419A60CD29}.Ad-Hoc|iPhone.ActiveCfg = Release|Any CPU
		{C3B42F45-B144-4644-BB42-65419A60CD29}.Ad-Hoc|iPhone.Build.0 = Release|Any CPU
		{C3B42F45-B144-4644-BB42-65419A60CD29}.Ad-Hoc|iPhoneSimulator.ActiveCfg = Release|Any CPU
		{C3B42F45-B144-4644-BB42-65419A60CD29}.Ad-Hoc|iPhoneSimulator.Build.0 = Release|Any CPU
		{C3B42F45-B144-4644-BB42-65419A60CD29}.Ad-Hoc|x64.ActiveCfg = Release|Any CPU
		{C3B42F45-B144-4644-BB42-65419A60CD29}.Ad-Hoc|x64.Build.0 = Release|Any CPU
		{C3B42F45-B144-4644-BB42-65419A60CD29}.Ad-Hoc|x86.ActiveCfg = Release|Any CPU
		{C3B42F45-B144-4644-BB42-65419A60CD29}.Ad-Hoc|x86.Build.0 = Release|Any CPU
		{C3B42F45-B144-4644-BB42-65419A60CD29}.AppStore|Any CPU.ActiveCfg = Release|Any CPU
		{C3B42F45-B144-4644-BB42-65419A60CD29}.AppStore|Any CPU.Build.0 = Release|Any CPU
		{C3B42F45-B144-4644-BB42-65419A60CD29}.AppStore|ARM.ActiveCfg = Release|Any CPU
		{C3B42F45-B144-4644-BB42-65419A60CD29}.AppStore|ARM.Build.0 = Release|Any CPU
		{C3B42F45-B144-4644-BB42-65419A60CD29}.AppStore|iPhone.ActiveCfg = Release|Any CPU
		{C3B42F45-B144-4644-BB42-65419A60CD29}.AppStore|iPhone.Build.0 = Release|Any CPU
		{C3B42F45-B144-4644-BB42-65419A60CD29}.AppStore|iPhoneSimulator.ActiveCfg = Release|Any CPU
		{C3B42F45-B144-4644-BB42-65419A60CD29}.AppStore|iPhoneSimulator.Build.0 = Release|Any CPU
		{C3B42F45-B144-4644-BB42-65419A60CD29}.AppStore|x64.ActiveCfg = Release|Any CPU
		{C3B42F45-B144-4644-BB42-65419A60CD29}.AppStore|x64.Build.0 = Release|Any CPU
		{C3B42F45-B144-4644-BB42-65419A60CD29}.AppStore|x86.ActiveCfg = Release|Any CPU
		{C3B42F45-B144-4644-BB42-65419A60CD29}.AppStore|x86.Build.0 = Release|Any CPU
		{C3B42F45-B144-4644-BB42-65419A60CD29}.Debug|Any CPU.ActiveCfg = Debug|Any CPU
		{C3B42F45-B144-4644-BB42-65419A60CD29}.Debug|Any CPU.Build.0 = Debug|Any CPU
		{C3B42F45-B144-4644-BB42-65419A60CD29}.Debug|ARM.ActiveCfg = Debug|Any CPU
		{C3B42F45-B144-4644-BB42-65419A60CD29}.Debug|ARM.Build.0 = Debug|Any CPU
		{C3B42F45-B144-4644-BB42-65419A60CD29}.Debug|iPhone.ActiveCfg = Debug|Any CPU
		{C3B42F45-B144-4644-BB42-65419A60CD29}.Debug|iPhone.Build.0 = Debug|Any CPU
		{C3B42F45-B144-4644-BB42-65419A60CD29}.Debug|iPhoneSimulator.ActiveCfg = Debug|Any CPU
		{C3B42F45-B144-4644-BB42-65419A60CD29}.Debug|iPhoneSimulator.Build.0 = Debug|Any CPU
		{C3B42F45-B144-4644-BB42-65419A60CD29}.Debug|x64.ActiveCfg = Debug|Any CPU
		{C3B42F45-B144-4644-BB42-65419A60CD29}.Debug|x64.Build.0 = Debug|Any CPU
		{C3B42F45-B144-4644-BB42-65419A60CD29}.Debug|x86.ActiveCfg = Debug|Any CPU
		{C3B42F45-B144-4644-BB42-65419A60CD29}.Debug|x86.Build.0 = Debug|Any CPU
		{C3B42F45-B144-4644-BB42-65419A60CD29}.Release|Any CPU.ActiveCfg = Release|Any CPU
		{C3B42F45-B144-4644-BB42-65419A60CD29}.Release|Any CPU.Build.0 = Release|Any CPU
		{C3B42F45-B144-4644-BB42-65419A60CD29}.Release|ARM.ActiveCfg = Release|Any CPU
		{C3B42F45-B144-4644-BB42-65419A60CD29}.Release|ARM.Build.0 = Release|Any CPU
		{C3B42F45-B144-4644-BB42-65419A60CD29}.Release|iPhone.ActiveCfg = Release|Any CPU
		{C3B42F45-B144-4644-BB42-65419A60CD29}.Release|iPhone.Build.0 = Release|Any CPU
		{C3B42F45-B144-4644-BB42-65419A60CD29}.Release|iPhoneSimulator.ActiveCfg = Release|Any CPU
		{C3B42F45-B144-4644-BB42-65419A60CD29}.Release|iPhoneSimulator.Build.0 = Release|Any CPU
		{C3B42F45-B144-4644-BB42-65419A60CD29}.Release|x64.ActiveCfg = Release|Any CPU
		{C3B42F45-B144-4644-BB42-65419A60CD29}.Release|x64.Build.0 = Release|Any CPU
		{C3B42F45-B144-4644-BB42-65419A60CD29}.Release|x86.ActiveCfg = Release|Any CPU
		{C3B42F45-B144-4644-BB42-65419A60CD29}.Release|x86.Build.0 = Release|Any CPU
		{9B07ED72-3AD9-45EC-AAE9-295849B309AA}.Ad-Hoc|Any CPU.ActiveCfg = Debug|Any CPU
		{9B07ED72-3AD9-45EC-AAE9-295849B309AA}.Ad-Hoc|Any CPU.Build.0 = Debug|Any CPU
		{9B07ED72-3AD9-45EC-AAE9-295849B309AA}.Ad-Hoc|ARM.ActiveCfg = Debug|Any CPU
		{9B07ED72-3AD9-45EC-AAE9-295849B309AA}.Ad-Hoc|ARM.Build.0 = Debug|Any CPU
		{9B07ED72-3AD9-45EC-AAE9-295849B309AA}.Ad-Hoc|iPhone.ActiveCfg = Debug|Any CPU
		{9B07ED72-3AD9-45EC-AAE9-295849B309AA}.Ad-Hoc|iPhone.Build.0 = Debug|Any CPU
		{9B07ED72-3AD9-45EC-AAE9-295849B309AA}.Ad-Hoc|iPhoneSimulator.ActiveCfg = Debug|Any CPU
		{9B07ED72-3AD9-45EC-AAE9-295849B309AA}.Ad-Hoc|iPhoneSimulator.Build.0 = Debug|Any CPU
		{9B07ED72-3AD9-45EC-AAE9-295849B309AA}.Ad-Hoc|x64.ActiveCfg = Debug|Any CPU
		{9B07ED72-3AD9-45EC-AAE9-295849B309AA}.Ad-Hoc|x64.Build.0 = Debug|Any CPU
		{9B07ED72-3AD9-45EC-AAE9-295849B309AA}.Ad-Hoc|x86.ActiveCfg = Debug|Any CPU
		{9B07ED72-3AD9-45EC-AAE9-295849B309AA}.Ad-Hoc|x86.Build.0 = Debug|Any CPU
		{9B07ED72-3AD9-45EC-AAE9-295849B309AA}.AppStore|Any CPU.ActiveCfg = Debug|Any CPU
		{9B07ED72-3AD9-45EC-AAE9-295849B309AA}.AppStore|Any CPU.Build.0 = Debug|Any CPU
		{9B07ED72-3AD9-45EC-AAE9-295849B309AA}.AppStore|ARM.ActiveCfg = Debug|Any CPU
		{9B07ED72-3AD9-45EC-AAE9-295849B309AA}.AppStore|ARM.Build.0 = Debug|Any CPU
		{9B07ED72-3AD9-45EC-AAE9-295849B309AA}.AppStore|iPhone.ActiveCfg = Debug|Any CPU
		{9B07ED72-3AD9-45EC-AAE9-295849B309AA}.AppStore|iPhone.Build.0 = Debug|Any CPU
		{9B07ED72-3AD9-45EC-AAE9-295849B309AA}.AppStore|iPhoneSimulator.ActiveCfg = Debug|Any CPU
		{9B07ED72-3AD9-45EC-AAE9-295849B309AA}.AppStore|iPhoneSimulator.Build.0 = Debug|Any CPU
		{9B07ED72-3AD9-45EC-AAE9-295849B309AA}.AppStore|x64.ActiveCfg = Debug|Any CPU
		{9B07ED72-3AD9-45EC-AAE9-295849B309AA}.AppStore|x64.Build.0 = Debug|Any CPU
		{9B07ED72-3AD9-45EC-AAE9-295849B309AA}.AppStore|x86.ActiveCfg = Debug|Any CPU
		{9B07ED72-3AD9-45EC-AAE9-295849B309AA}.AppStore|x86.Build.0 = Debug|Any CPU
		{9B07ED72-3AD9-45EC-AAE9-295849B309AA}.Debug|Any CPU.ActiveCfg = Debug|Any CPU
		{9B07ED72-3AD9-45EC-AAE9-295849B309AA}.Debug|Any CPU.Build.0 = Debug|Any CPU
		{9B07ED72-3AD9-45EC-AAE9-295849B309AA}.Debug|ARM.ActiveCfg = Debug|Any CPU
		{9B07ED72-3AD9-45EC-AAE9-295849B309AA}.Debug|ARM.Build.0 = Debug|Any CPU
		{9B07ED72-3AD9-45EC-AAE9-295849B309AA}.Debug|iPhone.ActiveCfg = Debug|Any CPU
		{9B07ED72-3AD9-45EC-AAE9-295849B309AA}.Debug|iPhone.Build.0 = Debug|Any CPU
		{9B07ED72-3AD9-45EC-AAE9-295849B309AA}.Debug|iPhoneSimulator.ActiveCfg = Debug|Any CPU
		{9B07ED72-3AD9-45EC-AAE9-295849B309AA}.Debug|iPhoneSimulator.Build.0 = Debug|Any CPU
		{9B07ED72-3AD9-45EC-AAE9-295849B309AA}.Debug|x64.ActiveCfg = Debug|Any CPU
		{9B07ED72-3AD9-45EC-AAE9-295849B309AA}.Debug|x64.Build.0 = Debug|Any CPU
		{9B07ED72-3AD9-45EC-AAE9-295849B309AA}.Debug|x86.ActiveCfg = Debug|Any CPU
		{9B07ED72-3AD9-45EC-AAE9-295849B309AA}.Debug|x86.Build.0 = Debug|Any CPU
		{9B07ED72-3AD9-45EC-AAE9-295849B309AA}.Release|Any CPU.ActiveCfg = Release|Any CPU
		{9B07ED72-3AD9-45EC-AAE9-295849B309AA}.Release|Any CPU.Build.0 = Release|Any CPU
		{9B07ED72-3AD9-45EC-AAE9-295849B309AA}.Release|ARM.ActiveCfg = Release|Any CPU
		{9B07ED72-3AD9-45EC-AAE9-295849B309AA}.Release|ARM.Build.0 = Release|Any CPU
		{9B07ED72-3AD9-45EC-AAE9-295849B309AA}.Release|iPhone.ActiveCfg = Release|Any CPU
		{9B07ED72-3AD9-45EC-AAE9-295849B309AA}.Release|iPhone.Build.0 = Release|Any CPU
		{9B07ED72-3AD9-45EC-AAE9-295849B309AA}.Release|iPhoneSimulator.ActiveCfg = Release|Any CPU
		{9B07ED72-3AD9-45EC-AAE9-295849B309AA}.Release|iPhoneSimulator.Build.0 = Release|Any CPU
		{9B07ED72-3AD9-45EC-AAE9-295849B309AA}.Release|x64.ActiveCfg = Release|Any CPU
		{9B07ED72-3AD9-45EC-AAE9-295849B309AA}.Release|x64.Build.0 = Release|Any CPU
		{9B07ED72-3AD9-45EC-AAE9-295849B309AA}.Release|x86.ActiveCfg = Release|Any CPU
		{9B07ED72-3AD9-45EC-AAE9-295849B309AA}.Release|x86.Build.0 = Release|Any CPU
		{2246217D-D3C2-41CB-B866-D093DF087846}.Ad-Hoc|Any CPU.ActiveCfg = Debug|Any CPU
		{2246217D-D3C2-41CB-B866-D093DF087846}.Ad-Hoc|Any CPU.Build.0 = Debug|Any CPU
		{2246217D-D3C2-41CB-B866-D093DF087846}.Ad-Hoc|ARM.ActiveCfg = Debug|Any CPU
		{2246217D-D3C2-41CB-B866-D093DF087846}.Ad-Hoc|ARM.Build.0 = Debug|Any CPU
		{2246217D-D3C2-41CB-B866-D093DF087846}.Ad-Hoc|iPhone.ActiveCfg = Debug|Any CPU
		{2246217D-D3C2-41CB-B866-D093DF087846}.Ad-Hoc|iPhone.Build.0 = Debug|Any CPU
		{2246217D-D3C2-41CB-B866-D093DF087846}.Ad-Hoc|iPhoneSimulator.ActiveCfg = Debug|Any CPU
		{2246217D-D3C2-41CB-B866-D093DF087846}.Ad-Hoc|iPhoneSimulator.Build.0 = Debug|Any CPU
		{2246217D-D3C2-41CB-B866-D093DF087846}.Ad-Hoc|x64.ActiveCfg = Debug|Any CPU
		{2246217D-D3C2-41CB-B866-D093DF087846}.Ad-Hoc|x64.Build.0 = Debug|Any CPU
		{2246217D-D3C2-41CB-B866-D093DF087846}.Ad-Hoc|x86.ActiveCfg = Debug|Any CPU
		{2246217D-D3C2-41CB-B866-D093DF087846}.Ad-Hoc|x86.Build.0 = Debug|Any CPU
		{2246217D-D3C2-41CB-B866-D093DF087846}.AppStore|Any CPU.ActiveCfg = Debug|Any CPU
		{2246217D-D3C2-41CB-B866-D093DF087846}.AppStore|Any CPU.Build.0 = Debug|Any CPU
		{2246217D-D3C2-41CB-B866-D093DF087846}.AppStore|ARM.ActiveCfg = Debug|Any CPU
		{2246217D-D3C2-41CB-B866-D093DF087846}.AppStore|ARM.Build.0 = Debug|Any CPU
		{2246217D-D3C2-41CB-B866-D093DF087846}.AppStore|iPhone.ActiveCfg = Debug|Any CPU
		{2246217D-D3C2-41CB-B866-D093DF087846}.AppStore|iPhone.Build.0 = Debug|Any CPU
		{2246217D-D3C2-41CB-B866-D093DF087846}.AppStore|iPhoneSimulator.ActiveCfg = Debug|Any CPU
		{2246217D-D3C2-41CB-B866-D093DF087846}.AppStore|iPhoneSimulator.Build.0 = Debug|Any CPU
		{2246217D-D3C2-41CB-B866-D093DF087846}.AppStore|x64.ActiveCfg = Debug|Any CPU
		{2246217D-D3C2-41CB-B866-D093DF087846}.AppStore|x64.Build.0 = Debug|Any CPU
		{2246217D-D3C2-41CB-B866-D093DF087846}.AppStore|x86.ActiveCfg = Debug|Any CPU
		{2246217D-D3C2-41CB-B866-D093DF087846}.AppStore|x86.Build.0 = Debug|Any CPU
		{2246217D-D3C2-41CB-B866-D093DF087846}.Debug|Any CPU.ActiveCfg = Debug|Any CPU
		{2246217D-D3C2-41CB-B866-D093DF087846}.Debug|Any CPU.Build.0 = Debug|Any CPU
		{2246217D-D3C2-41CB-B866-D093DF087846}.Debug|ARM.ActiveCfg = Debug|Any CPU
		{2246217D-D3C2-41CB-B866-D093DF087846}.Debug|ARM.Build.0 = Debug|Any CPU
		{2246217D-D3C2-41CB-B866-D093DF087846}.Debug|iPhone.ActiveCfg = Debug|Any CPU
		{2246217D-D3C2-41CB-B866-D093DF087846}.Debug|iPhone.Build.0 = Debug|Any CPU
		{2246217D-D3C2-41CB-B866-D093DF087846}.Debug|iPhoneSimulator.ActiveCfg = Debug|Any CPU
		{2246217D-D3C2-41CB-B866-D093DF087846}.Debug|iPhoneSimulator.Build.0 = Debug|Any CPU
		{2246217D-D3C2-41CB-B866-D093DF087846}.Debug|x64.ActiveCfg = Debug|Any CPU
		{2246217D-D3C2-41CB-B866-D093DF087846}.Debug|x64.Build.0 = Debug|Any CPU
		{2246217D-D3C2-41CB-B866-D093DF087846}.Debug|x86.ActiveCfg = Debug|Any CPU
		{2246217D-D3C2-41CB-B866-D093DF087846}.Debug|x86.Build.0 = Debug|Any CPU
		{2246217D-D3C2-41CB-B866-D093DF087846}.Release|Any CPU.ActiveCfg = Release|Any CPU
		{2246217D-D3C2-41CB-B866-D093DF087846}.Release|Any CPU.Build.0 = Release|Any CPU
		{2246217D-D3C2-41CB-B866-D093DF087846}.Release|ARM.ActiveCfg = Release|Any CPU
		{2246217D-D3C2-41CB-B866-D093DF087846}.Release|ARM.Build.0 = Release|Any CPU
		{2246217D-D3C2-41CB-B866-D093DF087846}.Release|iPhone.ActiveCfg = Release|Any CPU
		{2246217D-D3C2-41CB-B866-D093DF087846}.Release|iPhone.Build.0 = Release|Any CPU
		{2246217D-D3C2-41CB-B866-D093DF087846}.Release|iPhoneSimulator.ActiveCfg = Release|Any CPU
		{2246217D-D3C2-41CB-B866-D093DF087846}.Release|iPhoneSimulator.Build.0 = Release|Any CPU
		{2246217D-D3C2-41CB-B866-D093DF087846}.Release|x64.ActiveCfg = Release|Any CPU
		{2246217D-D3C2-41CB-B866-D093DF087846}.Release|x64.Build.0 = Release|Any CPU
		{2246217D-D3C2-41CB-B866-D093DF087846}.Release|x86.ActiveCfg = Release|Any CPU
		{2246217D-D3C2-41CB-B866-D093DF087846}.Release|x86.Build.0 = Release|Any CPU
	EndGlobalSection
	GlobalSection(SolutionProperties) = preSolution
		HideSolutionNode = FALSE
	EndGlobalSection
EndGlobal
